{
  "version": 4,
  "terraform_version": "1.12.2",
  "serial": 1405,
  "lineage": "a7a2afb2-8982-6b33-4522-45b6b1d47bcf",
  "outputs": {
    "cluster_name": {
      "value": "k3s-prod-production",
      "type": "string"
    },
    "cluster_nodes": {
      "value": {
        "gpu-workers-pve-nas-01-1": {
          "is_primary": false,
          "name": "k3s-gpu-workers-pve-nas-01-1",
          "node_name": "pve-nas-01",
          "using_template": true,
          "vm_id": 600,
          "vm_type": "gpu-workers"
        },
        "gpu-workers-pve2-1": {
          "is_primary": false,
          "name": "k3s-gpu-workers-pve2-1",
          "node_name": "pve2",
          "using_template": true,
          "vm_id": 500,
          "vm_type": "gpu-workers"
        },
        "gpu-workers-pve4-1": {
          "is_primary": false,
          "name": "k3s-gpu-workers-pve4-1",
          "node_name": "pve4",
          "using_template": true,
          "vm_id": 700,
          "vm_type": "gpu-workers"
        },
        "masters-pve-nas-01-1": {
          "is_primary": false,
          "name": "k3s-masters-pve-nas-01-1",
          "node_name": "pve-nas-01",
          "using_template": true,
          "vm_id": 400,
          "vm_type": "masters"
        },
        "masters-pve2-1": {
          "is_primary": false,
          "name": "k3s-masters-pve2-1",
          "node_name": "pve2",
          "using_template": true,
          "vm_id": 300,
          "vm_type": "masters"
        },
        "masters-pve4-1": {
          "is_primary": false,
          "name": "k3s-masters-pve4-1",
          "node_name": "pve4",
          "using_template": true,
          "vm_id": 500,
          "vm_type": "masters"
        },
        "workers-pve-nas-01-1": {
          "is_primary": false,
          "name": "k3s-workers-pve-nas-01-1",
          "node_name": "pve-nas-01",
          "using_template": true,
          "vm_id": 500,
          "vm_type": "workers"
        },
        "workers-pve-nas-01-2": {
          "is_primary": false,
          "name": "k3s-workers-pve-nas-01-2",
          "node_name": "pve-nas-01",
          "using_template": true,
          "vm_id": 501,
          "vm_type": "workers"
        },
        "workers-pve2-1": {
          "is_primary": false,
          "name": "k3s-workers-pve2-1",
          "node_name": "pve2",
          "using_template": true,
          "vm_id": 400,
          "vm_type": "workers"
        },
        "workers-pve2-2": {
          "is_primary": false,
          "name": "k3s-workers-pve2-2",
          "node_name": "pve2",
          "using_template": true,
          "vm_id": 401,
          "vm_type": "workers"
        },
        "workers-pve4-1": {
          "is_primary": false,
          "name": "k3s-workers-pve4-1",
          "node_name": "pve4",
          "using_template": true,
          "vm_id": 600,
          "vm_type": "workers"
        },
        "workers-pve4-2": {
          "is_primary": false,
          "name": "k3s-workers-pve4-2",
          "node_name": "pve4",
          "using_template": true,
          "vm_id": 601,
          "vm_type": "workers"
        }
      },
      "type": [
        "object",
        {
          "gpu-workers-pve-nas-01-1": [
            "object",
            {
              "is_primary": "bool",
              "name": "string",
              "node_name": "string",
              "using_template": "bool",
              "vm_id": "number",
              "vm_type": "string"
            }
          ],
          "gpu-workers-pve2-1": [
            "object",
            {
              "is_primary": "bool",
              "name": "string",
              "node_name": "string",
              "using_template": "bool",
              "vm_id": "number",
              "vm_type": "string"
            }
          ],
          "gpu-workers-pve4-1": [
            "object",
            {
              "is_primary": "bool",
              "name": "string",
              "node_name": "string",
              "using_template": "bool",
              "vm_id": "number",
              "vm_type": "string"
            }
          ],
          "masters-pve-nas-01-1": [
            "object",
            {
              "is_primary": "bool",
              "name": "string",
              "node_name": "string",
              "using_template": "bool",
              "vm_id": "number",
              "vm_type": "string"
            }
          ],
          "masters-pve2-1": [
            "object",
            {
              "is_primary": "bool",
              "name": "string",
              "node_name": "string",
              "using_template": "bool",
              "vm_id": "number",
              "vm_type": "string"
            }
          ],
          "masters-pve4-1": [
            "object",
            {
              "is_primary": "bool",
              "name": "string",
              "node_name": "string",
              "using_template": "bool",
              "vm_id": "number",
              "vm_type": "string"
            }
          ],
          "workers-pve-nas-01-1": [
            "object",
            {
              "is_primary": "bool",
              "name": "string",
              "node_name": "string",
              "using_template": "bool",
              "vm_id": "number",
              "vm_type": "string"
            }
          ],
          "workers-pve-nas-01-2": [
            "object",
            {
              "is_primary": "bool",
              "name": "string",
              "node_name": "string",
              "using_template": "bool",
              "vm_id": "number",
              "vm_type": "string"
            }
          ],
          "workers-pve2-1": [
            "object",
            {
              "is_primary": "bool",
              "name": "string",
              "node_name": "string",
              "using_template": "bool",
              "vm_id": "number",
              "vm_type": "string"
            }
          ],
          "workers-pve2-2": [
            "object",
            {
              "is_primary": "bool",
              "name": "string",
              "node_name": "string",
              "using_template": "bool",
              "vm_id": "number",
              "vm_type": "string"
            }
          ],
          "workers-pve4-1": [
            "object",
            {
              "is_primary": "bool",
              "name": "string",
              "node_name": "string",
              "using_template": "bool",
              "vm_id": "number",
              "vm_type": "string"
            }
          ],
          "workers-pve4-2": [
            "object",
            {
              "is_primary": "bool",
              "name": "string",
              "node_name": "string",
              "using_template": "bool",
              "vm_id": "number",
              "vm_type": "string"
            }
          ]
        }
      ]
    },
    "cluster_size_per_node": {
      "value": {
        "pve-nas-01": {
          "environment": "prod",
          "gpu_workers_on_node": 1,
          "masters_on_node": 1,
          "target_node": "pve-nas-01",
          "total_vms_on_node": 4,
          "workers_on_node": 2
        },
        "pve2": {
          "environment": "prod",
          "gpu_workers_on_node": 1,
          "masters_on_node": 1,
          "target_node": "pve2",
          "total_vms_on_node": 4,
          "workers_on_node": 2
        },
        "pve4": {
          "environment": "prod",
          "gpu_workers_on_node": 1,
          "masters_on_node": 1,
          "target_node": "pve4",
          "total_vms_on_node": 4,
          "workers_on_node": 2
        }
      },
      "type": [
        "object",
        {
          "pve-nas-01": [
            "object",
            {
              "environment": "string",
              "gpu_workers_on_node": "number",
              "masters_on_node": "number",
              "target_node": "string",
              "total_vms_on_node": "number",
              "workers_on_node": "number"
            }
          ],
          "pve2": [
            "object",
            {
              "environment": "string",
              "gpu_workers_on_node": "number",
              "masters_on_node": "number",
              "target_node": "string",
              "total_vms_on_node": "number",
              "workers_on_node": "number"
            }
          ],
          "pve4": [
            "object",
            {
              "environment": "string",
              "gpu_workers_on_node": "number",
              "masters_on_node": "number",
              "target_node": "string",
              "total_vms_on_node": "number",
              "workers_on_node": "number"
            }
          ]
        }
      ]
    },
    "environment": {
      "value": "production",
      "type": "string"
    },
    "k3s_server_url": {
      "value": "Will be available after VMs boot - check master node IPs",
      "type": "string"
    },
    "k3s_token": {
      "value": "MD7VSWru58GKUOPPdhP0JUeMNsYQnMfQ",
      "type": "string",
      "sensitive": true
    },
    "kubeconfig_commands": {
      "value": {
        "general_access": "ssh ubuntu@\u003cvm-ip\u003e and use /etc/rancher/k3s/k3s.yaml",
        "info": "VMs use DHCP - check Proxmox console for actual IPs"
      },
      "type": [
        "object",
        {
          "general_access": "string",
          "info": "string"
        }
      ]
    },
    "master_ips": {
      "value": "Check cluster_nodes output for VM details",
      "type": "string"
    },
    "master_nodes": {
      "value": [
        {
          "is_primary": false,
          "name": "k3s-masters-pve2-1",
          "vm_id": 300
        },
        {
          "is_primary": false,
          "name": "k3s-masters-pve-nas-01-1",
          "vm_id": 400
        },
        {
          "is_primary": false,
          "name": "k3s-masters-pve4-1",
          "vm_id": 500
        }
      ],
      "type": [
        "tuple",
        [
          [
            "object",
            {
              "is_primary": "bool",
              "name": "string",
              "vm_id": "number"
            }
          ],
          [
            "object",
            {
              "is_primary": "bool",
              "name": "string",
              "vm_id": "number"
            }
          ],
          [
            "object",
            {
              "is_primary": "bool",
              "name": "string",
              "vm_id": "number"
            }
          ]
        ]
      ]
    },
    "ssh_access": {
      "value": "VMs use DHCP - check Proxmox console for actual IPs, then ssh ubuntu@\u003cvm-ip\u003e",
      "type": "string"
    },
    "total_cluster_size": {
      "value": {
        "environment": "production",
        "total_gpu_workers": 3,
        "total_masters": 3,
        "total_vms": 12,
        "total_workers": 6
      },
      "type": [
        "object",
        {
          "environment": "string",
          "total_gpu_workers": "number",
          "total_masters": "number",
          "total_vms": "number",
          "total_workers": "number"
        }
      ]
    },
    "worker_ips": {
      "value": "Check cluster_nodes output for VM details",
      "type": "string"
    },
    "worker_nodes": {
      "value": [
        {
          "gpu": true,
          "name": "k3s-gpu-workers-pve2-1",
          "vm_id": 500
        },
        {
          "gpu": false,
          "name": "k3s-workers-pve2-1",
          "vm_id": 400
        },
        {
          "gpu": false,
          "name": "k3s-workers-pve2-2",
          "vm_id": 401
        },
        {
          "gpu": true,
          "name": "k3s-gpu-workers-pve-nas-01-1",
          "vm_id": 600
        },
        {
          "gpu": false,
          "name": "k3s-workers-pve-nas-01-1",
          "vm_id": 500
        },
        {
          "gpu": false,
          "name": "k3s-workers-pve-nas-01-2",
          "vm_id": 501
        },
        {
          "gpu": true,
          "name": "k3s-gpu-workers-pve4-1",
          "vm_id": 700
        },
        {
          "gpu": false,
          "name": "k3s-workers-pve4-1",
          "vm_id": 600
        },
        {
          "gpu": false,
          "name": "k3s-workers-pve4-2",
          "vm_id": 601
        }
      ],
      "type": [
        "tuple",
        [
          [
            "object",
            {
              "gpu": "bool",
              "name": "string",
              "vm_id": "number"
            }
          ],
          [
            "object",
            {
              "gpu": "bool",
              "name": "string",
              "vm_id": "number"
            }
          ],
          [
            "object",
            {
              "gpu": "bool",
              "name": "string",
              "vm_id": "number"
            }
          ],
          [
            "object",
            {
              "gpu": "bool",
              "name": "string",
              "vm_id": "number"
            }
          ],
          [
            "object",
            {
              "gpu": "bool",
              "name": "string",
              "vm_id": "number"
            }
          ],
          [
            "object",
            {
              "gpu": "bool",
              "name": "string",
              "vm_id": "number"
            }
          ],
          [
            "object",
            {
              "gpu": "bool",
              "name": "string",
              "vm_id": "number"
            }
          ],
          [
            "object",
            {
              "gpu": "bool",
              "name": "string",
              "vm_id": "number"
            }
          ],
          [
            "object",
            {
              "gpu": "bool",
              "name": "string",
              "vm_id": "number"
            }
          ]
        ]
      ]
    }
  },
  "resources": [
    {
      "module": "module.k3s_cluster_pve2",
      "mode": "managed",
      "type": "local_file",
      "name": "cloud_init_configs",
      "provider": "provider[\"registry.terraform.io/hashicorp/local\"]",
      "instances": [
        {
          "index_key": "gpu-workers-pve2-1",
          "schema_version": 0,
          "attributes": {
            "content": "#cloud-config\r\n# K3s HA Cluster Cloud-Init Configuration\r\n# Hostname: k3s-gpu-workers-pve2-1\r\n# VM Type: gpu-workers\r\n# Environment: prod\r\n\r\nhostname: k3s-gpu-workers-pve2-1\r\nmanage_etc_hosts: true\r\n\r\n# User configuration\r\nusers:\r\n  - name: ubuntu\r\n    groups: [adm, cdrom, dip, plugdev, lxd, sudo]\r\n    lock_passwd: false\r\n    shell: /bin/bash\r\n    ssh_authorized_keys:\r\n      - ssh-rsa AAAAB3NzaC1yc2EAAAADAQABAAACAQDA8goFZngSeRbtWzKIdDNd+vJdjABjsRwSDrRdSg9jCHl2alXMHQTDf9O9u+adKZRsaXB4y28O5wdsCvyv23s6h3d5lIi85Xz8qeV0A/qJwrvvqzV+Bh0WK4aktaMxY1SbREKjsiuRBqRGGsuKv26rC0oa4XMdugmDmzSfiTs4iV61j/Y9HpyPVuvOeO+JC0sFXpcrrXqPQz9FyOqqtrFURai65ftCYYKjMci8zJ9MHBxAjKDQbmklTUqF4l+d1t4yTZNcy067JjfpU3SFJoOHblu24417FZNnUUhLS/V3hHxE5RZePVZM8vpVUGMHalQsI7dcxz/Tq0qIL6OCc9Z/v/pTg62Ha5Y4TXpi65hpwqOL5UBSXqOSMuGwhuKlsMwCwRQ8NSnr+175Irp0KNH8SPGtyiZ15SxBOifdIqy3qAZH/qFvlvda0a4lsVtZXjzrl7TREX6/2mwS1X///0C7vj3CnUcQ+R2mE8Fe4JkWepN1eDREXYZ3vENe/AzoBVMV3sbRi66dTD7E3vsijCflfBtj5hp977WMMWHbcXiGIF0gqRac1Dr6p7wUAZwLu1tXeGZFHQQOUwDmYllg7O9aA7lyPZ6r9CpLUFnV3a8Pfhj3wAxW5tV8dMcMystWLKo23lRyQsYwEym7TE/an4nNwe4RHBOxdihPfZawONn74w==\r\n    sudo: ALL=(ALL) NOPASSWD:ALL\r\n\r\n# System packages\r\npackages:\r\n  - curl\r\n  - wget\r\n  - git\r\n  - htop\r\n  - iotop\r\n  - iftop\r\n  - ncdu\r\n  - net-tools\r\n  - unzip\r\n  - jq\r\n  - nfs-common\r\n  - open-iscsi\r\n  - util-linux\r\n  - cryptsetup\r\n  - lvm2\r\n\r\n\r\n# System configuration\r\nwrite_files:\r\n  # K3s configuration\r\n  - path: /etc/k3s-config.yaml\r\n    content: |\r\n      cluster-init: false\r\n      server: \r\n      token: MD7VSWru58GKUOPPdhP0JUeMNsYQnMfQ\r\n      disable:\r\n        - servicelb  # Use MetalLB instead\r\n        - traefik    # Use existing Traefik\r\n      tls-san:\r\n        - k3s-vip.cluster.local\r\n        - 10.10.100.50\r\n\r\n\r\n\r\n    permissions: '0644'\r\n\r\n  # K3s installation script\r\n  - path: /usr/local/bin/install-k3s.sh\r\n    content: |\r\n      #!/bin/bash\r\n      set -euo pipefail\r\n      \r\n      echo \"Installing K3s on k3s-gpu-workers-pve2-1...\"\r\n      \r\n      # Wait for system to be ready\r\n      sleep 30\r\n      \r\n      # Install K3s\r\n      curl -sfL https://get.k3s.io | sh -s - \\\r\n        --config /etc/k3s-config.yaml \\\r\n\r\n\r\n        --write-kubeconfig-mode 644\r\n      \r\n      # Enable and start K3s\r\n      systemctl enable k3s\r\n      systemctl start k3s\r\n      \r\n      # Wait for K3s to be ready\r\n      until kubectl get nodes; do\r\n        echo \"Waiting for K3s to be ready...\"\r\n        sleep 10\r\n      done\r\n      \r\n      echo \"K3s installation completed on k3s-gpu-workers-pve2-1\"\r\n    permissions: '0755'\r\n\r\n  # System optimization for K3s\r\n  - path: /etc/sysctl.d/99-k3s.conf\r\n    content: |\r\n      # K3s system optimizations\r\n      net.bridge.bridge-nf-call-iptables = 1\r\n      net.bridge.bridge-nf-call-ip6tables = 1\r\n      net.ipv4.ip_forward = 1\r\n      vm.swappiness = 1\r\n      vm.overcommit_memory = 1\r\n      kernel.panic = 10\r\n      kernel.panic_on_oops = 1\r\n    permissions: '0644'\r\n\r\n  # Logrotate configuration for K3s\r\n  - path: /etc/logrotate.d/k3s\r\n    content: |\r\n      /var/log/k3s.log {\r\n        daily\r\n        missingok\r\n        rotate 7\r\n        compress\r\n        notifempty\r\n        create 644 root root\r\n        postrotate\r\n          systemctl reload k3s || true\r\n        endscript\r\n      }\r\n    permissions: '0644'\r\n\r\n\r\n\r\n# Boot commands\r\nbootcmd:\r\n  - echo 'APT::Periodic::Update-Package-Lists \"1\";' \u003e /etc/apt/apt.conf.d/20auto-upgrades\r\n  - echo 'APT::Periodic::Unattended-Upgrade \"1\";' \u003e\u003e /etc/apt/apt.conf.d/20auto-upgrades\r\n\r\n# Run commands\r\nruncmd:\r\n  # Update system\r\n  - apt-get update\r\n  - apt-get upgrade -y\r\n  \r\n  # Apply sysctl settings\r\n  - sysctl --system\r\n  \r\n  # Enable and configure services\r\n  - systemctl enable iscsid\r\n  - systemctl start iscsid\r\n  \r\n\r\n  \r\n  # Install K3s (delayed to ensure system is ready)\r\n  - sleep 60\r\n  - /usr/local/bin/install-k3s.sh\r\n  \r\n  # Log completion\r\n  - echo \"Cloud-init completed for k3s-gpu-workers-pve2-1 at $(date)\" \u003e\u003e /var/log/cloud-init-custom.log\r\n\r\n# Final message\r\nfinal_message: |\r\n  K3s node k3s-gpu-workers-pve2-1 (gpu-workers) is ready!\r\n  Environment: prod\r\n  VM Type: gpu-workers\r\n  Primary: false\r\n  \r\n  System information:\r\n  - OS: Ubuntu 22.04 LTS\r\n  - K3s: Latest stable\r\n  - Hostname: k3s-gpu-workers-pve2-1\r\n  \r\n  The system is ready for K3s cluster operations.\r\n\r\n# Reboot after cloud-init completion\r\npower_state:\r\n  mode: reboot\r\n  delay: now\r\n  condition: true",
            "content_base64": null,
            "content_base64sha256": "50wG2KcckaOcTR77OVO6CCd95lhKqlYRx9wgMJiUhSQ=",
            "content_base64sha512": "iLBNZE5lPaJDkdf7RztmxP7htkOMK5XL9uzMAHusHO2o++Rd962oTfk5h239/nvUGkizVThDGXcDKHorIlLyaw==",
            "content_md5": "2ef85816b3a406893e77321c0d309e5f",
            "content_sha1": "f84c6c4c94a41bc3d17cf4cc40e86816b3c9a81c",
            "content_sha256": "e74c06d8a71c91a39c4d1efb3953ba08277de6584aaa5611c7dc203098948524",
            "content_sha512": "88b04d644e653da24391d7fb473b66c4fee1b6438c2b95cbf6eccc007bac1ceda8fbe45df7ada84df939876dfdfe7bd41a48b3553843197703287a2b2252f26b",
            "directory_permission": "0777",
            "file_permission": "0777",
            "filename": "../../modules/vm-template/generated/cloud-init-gpu-workers-pve2-1.yaml",
            "id": "f84c6c4c94a41bc3d17cf4cc40e86816b3c9a81c",
            "sensitive_content": null,
            "source": null
          },
          "sensitive_attributes": [
            [
              {
                "type": "get_attr",
                "value": "content"
              }
            ],
            [
              {
                "type": "get_attr",
                "value": "sensitive_content"
              }
            ]
          ],
          "identity_schema_version": 0,
          "dependencies": [
            "module.k3s_cluster_pve2.random_password.k3s_token"
          ]
        },
        {
          "index_key": "masters-pve2-1",
          "schema_version": 0,
          "attributes": {
            "content": "#cloud-config\r\n# K3s HA Cluster Cloud-Init Configuration\r\n# Hostname: k3s-masters-pve2-1\r\n# VM Type: masters\r\n# Environment: prod\r\n\r\nhostname: k3s-masters-pve2-1\r\nmanage_etc_hosts: true\r\n\r\n# User configuration\r\nusers:\r\n  - name: ubuntu\r\n    groups: [adm, cdrom, dip, plugdev, lxd, sudo]\r\n    lock_passwd: false\r\n    shell: /bin/bash\r\n    ssh_authorized_keys:\r\n      - ssh-rsa AAAAB3NzaC1yc2EAAAADAQABAAACAQDA8goFZngSeRbtWzKIdDNd+vJdjABjsRwSDrRdSg9jCHl2alXMHQTDf9O9u+adKZRsaXB4y28O5wdsCvyv23s6h3d5lIi85Xz8qeV0A/qJwrvvqzV+Bh0WK4aktaMxY1SbREKjsiuRBqRGGsuKv26rC0oa4XMdugmDmzSfiTs4iV61j/Y9HpyPVuvOeO+JC0sFXpcrrXqPQz9FyOqqtrFURai65ftCYYKjMci8zJ9MHBxAjKDQbmklTUqF4l+d1t4yTZNcy067JjfpU3SFJoOHblu24417FZNnUUhLS/V3hHxE5RZePVZM8vpVUGMHalQsI7dcxz/Tq0qIL6OCc9Z/v/pTg62Ha5Y4TXpi65hpwqOL5UBSXqOSMuGwhuKlsMwCwRQ8NSnr+175Irp0KNH8SPGtyiZ15SxBOifdIqy3qAZH/qFvlvda0a4lsVtZXjzrl7TREX6/2mwS1X///0C7vj3CnUcQ+R2mE8Fe4JkWepN1eDREXYZ3vENe/AzoBVMV3sbRi66dTD7E3vsijCflfBtj5hp977WMMWHbcXiGIF0gqRac1Dr6p7wUAZwLu1tXeGZFHQQOUwDmYllg7O9aA7lyPZ6r9CpLUFnV3a8Pfhj3wAxW5tV8dMcMystWLKo23lRyQsYwEym7TE/an4nNwe4RHBOxdihPfZawONn74w==\r\n    sudo: ALL=(ALL) NOPASSWD:ALL\r\n\r\n# System packages\r\npackages:\r\n  - curl\r\n  - wget\r\n  - git\r\n  - htop\r\n  - iotop\r\n  - iftop\r\n  - ncdu\r\n  - net-tools\r\n  - unzip\r\n  - jq\r\n  - nfs-common\r\n  - open-iscsi\r\n  - util-linux\r\n  - cryptsetup\r\n  - lvm2\r\n\r\n\r\n# System configuration\r\nwrite_files:\r\n  # K3s configuration\r\n  - path: /etc/k3s-config.yaml\r\n    content: |\r\n      cluster-init: false\r\n      server: \r\n      token: MD7VSWru58GKUOPPdhP0JUeMNsYQnMfQ\r\n      disable:\r\n        - servicelb  # Use MetalLB instead\r\n        - traefik    # Use existing Traefik\r\n      tls-san:\r\n        - k3s-vip.cluster.local\r\n        - 10.10.100.50\r\n\r\n      node-taint:\r\n        - \"node-role.kubernetes.io/master=true:NoSchedule\"\r\n\r\n\r\n\r\n    permissions: '0644'\r\n\r\n  # K3s installation script\r\n  - path: /usr/local/bin/install-k3s.sh\r\n    content: |\r\n      #!/bin/bash\r\n      set -euo pipefail\r\n      \r\n      echo \"Installing K3s on k3s-masters-pve2-1...\"\r\n      \r\n      # Wait for system to be ready\r\n      sleep 30\r\n      \r\n      # Install K3s\r\n      curl -sfL https://get.k3s.io | sh -s - \\\r\n        --config /etc/k3s-config.yaml \\\r\n\r\n        --server https://k3s-masters-1:6443 \\\r\n\r\n\r\n        --write-kubeconfig-mode 644\r\n      \r\n      # Enable and start K3s\r\n      systemctl enable k3s\r\n      systemctl start k3s\r\n      \r\n      # Wait for K3s to be ready\r\n      until kubectl get nodes; do\r\n        echo \"Waiting for K3s to be ready...\"\r\n        sleep 10\r\n      done\r\n      \r\n      echo \"K3s installation completed on k3s-masters-pve2-1\"\r\n    permissions: '0755'\r\n\r\n  # System optimization for K3s\r\n  - path: /etc/sysctl.d/99-k3s.conf\r\n    content: |\r\n      # K3s system optimizations\r\n      net.bridge.bridge-nf-call-iptables = 1\r\n      net.bridge.bridge-nf-call-ip6tables = 1\r\n      net.ipv4.ip_forward = 1\r\n      vm.swappiness = 1\r\n      vm.overcommit_memory = 1\r\n      kernel.panic = 10\r\n      kernel.panic_on_oops = 1\r\n    permissions: '0644'\r\n\r\n  # Logrotate configuration for K3s\r\n  - path: /etc/logrotate.d/k3s\r\n    content: |\r\n      /var/log/k3s.log {\r\n        daily\r\n        missingok\r\n        rotate 7\r\n        compress\r\n        notifempty\r\n        create 644 root root\r\n        postrotate\r\n          systemctl reload k3s || true\r\n        endscript\r\n      }\r\n    permissions: '0644'\r\n\r\n\r\n\r\n# Boot commands\r\nbootcmd:\r\n  - echo 'APT::Periodic::Update-Package-Lists \"1\";' \u003e /etc/apt/apt.conf.d/20auto-upgrades\r\n  - echo 'APT::Periodic::Unattended-Upgrade \"1\";' \u003e\u003e /etc/apt/apt.conf.d/20auto-upgrades\r\n\r\n# Run commands\r\nruncmd:\r\n  # Update system\r\n  - apt-get update\r\n  - apt-get upgrade -y\r\n  \r\n  # Apply sysctl settings\r\n  - sysctl --system\r\n  \r\n  # Enable and configure services\r\n  - systemctl enable iscsid\r\n  - systemctl start iscsid\r\n  \r\n\r\n  \r\n  # Install K3s (delayed to ensure system is ready)\r\n  - sleep 60\r\n  - /usr/local/bin/install-k3s.sh\r\n  \r\n  # Log completion\r\n  - echo \"Cloud-init completed for k3s-masters-pve2-1 at $(date)\" \u003e\u003e /var/log/cloud-init-custom.log\r\n\r\n# Final message\r\nfinal_message: |\r\n  K3s node k3s-masters-pve2-1 (masters) is ready!\r\n  Environment: prod\r\n  VM Type: masters\r\n  Primary: false\r\n  \r\n  System information:\r\n  - OS: Ubuntu 22.04 LTS\r\n  - K3s: Latest stable\r\n  - Hostname: k3s-masters-pve2-1\r\n  \r\n  The system is ready for K3s cluster operations.\r\n\r\n# Reboot after cloud-init completion\r\npower_state:\r\n  mode: reboot\r\n  delay: now\r\n  condition: true",
            "content_base64": null,
            "content_base64sha256": "GewzL1cJYutFhVvYxAOAvgkJgG7qKxfyre5GhSzD8og=",
            "content_base64sha512": "k9AQZWCMA4TJjfr5kezvxmMYtjUNfBl/M1wK5GKOU2IXKSjWbDYritBZvQ4oNT13NzQ/jZ46udK4J1h1JGn5og==",
            "content_md5": "6f78d54fa977f14c275ddf6113ac8dd8",
            "content_sha1": "d48b078dc79fc91efa5a1a37ea8714871e91864c",
            "content_sha256": "19ec332f570962eb45855bd8c40380be0909806eea2b17f2adee46852cc3f288",
            "content_sha512": "93d01065608c0384c98dfaf991ecefc66318b6350d7c197f335c0ae4628e5362172928d66c362b8ad059bd0e28353d7737343f8d9e3ab9d2b82758752469f9a2",
            "directory_permission": "0777",
            "file_permission": "0777",
            "filename": "../../modules/vm-template/generated/cloud-init-masters-pve2-1.yaml",
            "id": "d48b078dc79fc91efa5a1a37ea8714871e91864c",
            "sensitive_content": null,
            "source": null
          },
          "sensitive_attributes": [
            [
              {
                "type": "get_attr",
                "value": "content"
              }
            ],
            [
              {
                "type": "get_attr",
                "value": "sensitive_content"
              }
            ]
          ],
          "identity_schema_version": 0,
          "dependencies": [
            "module.k3s_cluster_pve2.random_password.k3s_token"
          ]
        },
        {
          "index_key": "workers-pve2-1",
          "schema_version": 0,
          "attributes": {
            "content": "#cloud-config\r\n# K3s HA Cluster Cloud-Init Configuration\r\n# Hostname: k3s-workers-pve2-1\r\n# VM Type: workers\r\n# Environment: prod\r\n\r\nhostname: k3s-workers-pve2-1\r\nmanage_etc_hosts: true\r\n\r\n# User configuration\r\nusers:\r\n  - name: ubuntu\r\n    groups: [adm, cdrom, dip, plugdev, lxd, sudo]\r\n    lock_passwd: false\r\n    shell: /bin/bash\r\n    ssh_authorized_keys:\r\n      - ssh-rsa AAAAB3NzaC1yc2EAAAADAQABAAACAQDA8goFZngSeRbtWzKIdDNd+vJdjABjsRwSDrRdSg9jCHl2alXMHQTDf9O9u+adKZRsaXB4y28O5wdsCvyv23s6h3d5lIi85Xz8qeV0A/qJwrvvqzV+Bh0WK4aktaMxY1SbREKjsiuRBqRGGsuKv26rC0oa4XMdugmDmzSfiTs4iV61j/Y9HpyPVuvOeO+JC0sFXpcrrXqPQz9FyOqqtrFURai65ftCYYKjMci8zJ9MHBxAjKDQbmklTUqF4l+d1t4yTZNcy067JjfpU3SFJoOHblu24417FZNnUUhLS/V3hHxE5RZePVZM8vpVUGMHalQsI7dcxz/Tq0qIL6OCc9Z/v/pTg62Ha5Y4TXpi65hpwqOL5UBSXqOSMuGwhuKlsMwCwRQ8NSnr+175Irp0KNH8SPGtyiZ15SxBOifdIqy3qAZH/qFvlvda0a4lsVtZXjzrl7TREX6/2mwS1X///0C7vj3CnUcQ+R2mE8Fe4JkWepN1eDREXYZ3vENe/AzoBVMV3sbRi66dTD7E3vsijCflfBtj5hp977WMMWHbcXiGIF0gqRac1Dr6p7wUAZwLu1tXeGZFHQQOUwDmYllg7O9aA7lyPZ6r9CpLUFnV3a8Pfhj3wAxW5tV8dMcMystWLKo23lRyQsYwEym7TE/an4nNwe4RHBOxdihPfZawONn74w==\r\n    sudo: ALL=(ALL) NOPASSWD:ALL\r\n\r\n# System packages\r\npackages:\r\n  - curl\r\n  - wget\r\n  - git\r\n  - htop\r\n  - iotop\r\n  - iftop\r\n  - ncdu\r\n  - net-tools\r\n  - unzip\r\n  - jq\r\n  - nfs-common\r\n  - open-iscsi\r\n  - util-linux\r\n  - cryptsetup\r\n  - lvm2\r\n\r\n\r\n# System configuration\r\nwrite_files:\r\n  # K3s configuration\r\n  - path: /etc/k3s-config.yaml\r\n    content: |\r\n      cluster-init: false\r\n      server: \r\n      token: MD7VSWru58GKUOPPdhP0JUeMNsYQnMfQ\r\n      disable:\r\n        - servicelb  # Use MetalLB instead\r\n        - traefik    # Use existing Traefik\r\n      tls-san:\r\n        - k3s-vip.cluster.local\r\n        - 10.10.100.50\r\n\r\n\r\n      node-label:\r\n        - \"node-role.kubernetes.io/worker=true\"\r\n\r\n\r\n    permissions: '0644'\r\n\r\n  # K3s installation script\r\n  - path: /usr/local/bin/install-k3s.sh\r\n    content: |\r\n      #!/bin/bash\r\n      set -euo pipefail\r\n      \r\n      echo \"Installing K3s on k3s-workers-pve2-1...\"\r\n      \r\n      # Wait for system to be ready\r\n      sleep 30\r\n      \r\n      # Install K3s\r\n      curl -sfL https://get.k3s.io | sh -s - \\\r\n        --config /etc/k3s-config.yaml \\\r\n\r\n\r\n        --server https://k3s-masters-1:6443 \\\r\n        agent \\\r\n\r\n        --write-kubeconfig-mode 644\r\n      \r\n      # Enable and start K3s\r\n      systemctl enable k3s\r\n      systemctl start k3s\r\n      \r\n      # Wait for K3s to be ready\r\n      until kubectl get nodes; do\r\n        echo \"Waiting for K3s to be ready...\"\r\n        sleep 10\r\n      done\r\n      \r\n      echo \"K3s installation completed on k3s-workers-pve2-1\"\r\n    permissions: '0755'\r\n\r\n  # System optimization for K3s\r\n  - path: /etc/sysctl.d/99-k3s.conf\r\n    content: |\r\n      # K3s system optimizations\r\n      net.bridge.bridge-nf-call-iptables = 1\r\n      net.bridge.bridge-nf-call-ip6tables = 1\r\n      net.ipv4.ip_forward = 1\r\n      vm.swappiness = 1\r\n      vm.overcommit_memory = 1\r\n      kernel.panic = 10\r\n      kernel.panic_on_oops = 1\r\n    permissions: '0644'\r\n\r\n  # Logrotate configuration for K3s\r\n  - path: /etc/logrotate.d/k3s\r\n    content: |\r\n      /var/log/k3s.log {\r\n        daily\r\n        missingok\r\n        rotate 7\r\n        compress\r\n        notifempty\r\n        create 644 root root\r\n        postrotate\r\n          systemctl reload k3s || true\r\n        endscript\r\n      }\r\n    permissions: '0644'\r\n\r\n\r\n\r\n# Boot commands\r\nbootcmd:\r\n  - echo 'APT::Periodic::Update-Package-Lists \"1\";' \u003e /etc/apt/apt.conf.d/20auto-upgrades\r\n  - echo 'APT::Periodic::Unattended-Upgrade \"1\";' \u003e\u003e /etc/apt/apt.conf.d/20auto-upgrades\r\n\r\n# Run commands\r\nruncmd:\r\n  # Update system\r\n  - apt-get update\r\n  - apt-get upgrade -y\r\n  \r\n  # Apply sysctl settings\r\n  - sysctl --system\r\n  \r\n  # Enable and configure services\r\n  - systemctl enable iscsid\r\n  - systemctl start iscsid\r\n  \r\n\r\n  \r\n  # Install K3s (delayed to ensure system is ready)\r\n  - sleep 60\r\n  - /usr/local/bin/install-k3s.sh\r\n  \r\n  # Log completion\r\n  - echo \"Cloud-init completed for k3s-workers-pve2-1 at $(date)\" \u003e\u003e /var/log/cloud-init-custom.log\r\n\r\n# Final message\r\nfinal_message: |\r\n  K3s node k3s-workers-pve2-1 (workers) is ready!\r\n  Environment: prod\r\n  VM Type: workers\r\n  Primary: false\r\n  \r\n  System information:\r\n  - OS: Ubuntu 22.04 LTS\r\n  - K3s: Latest stable\r\n  - Hostname: k3s-workers-pve2-1\r\n  \r\n  The system is ready for K3s cluster operations.\r\n\r\n# Reboot after cloud-init completion\r\npower_state:\r\n  mode: reboot\r\n  delay: now\r\n  condition: true",
            "content_base64": null,
            "content_base64sha256": "5CmBDH91eLBYUy0q0PgTugPrNp2jEK0AH/ZpakP7lKE=",
            "content_base64sha512": "9x+Z0gTS8qd54mCpXACRDk28e6jzXdHastQygw2RmxgRuHb2ASww61ZqjQvoeeVnxMGZoQsy9Jkk4Ars3GQMfA==",
            "content_md5": "87cd25f0a0c412c8973406e34382162d",
            "content_sha1": "1f9bf1fb782f793a60e1681375a8d01df8f2fad1",
            "content_sha256": "e429810c7f7578b058532d2ad0f813ba03eb369da310ad001ff6696a43fb94a1",
            "content_sha512": "f71f99d204d2f2a779e260a95c00910e4dbc7ba8f35dd1dab2d432830d919b1811b876f6012c30eb566a8d0be879e567c4c199a10b32f49924e00aecdc640c7c",
            "directory_permission": "0777",
            "file_permission": "0777",
            "filename": "../../modules/vm-template/generated/cloud-init-workers-pve2-1.yaml",
            "id": "1f9bf1fb782f793a60e1681375a8d01df8f2fad1",
            "sensitive_content": null,
            "source": null
          },
          "sensitive_attributes": [
            [
              {
                "type": "get_attr",
                "value": "content"
              }
            ],
            [
              {
                "type": "get_attr",
                "value": "sensitive_content"
              }
            ]
          ],
          "identity_schema_version": 0,
          "dependencies": [
            "module.k3s_cluster_pve2.random_password.k3s_token"
          ]
        },
        {
          "index_key": "workers-pve2-2",
          "schema_version": 0,
          "attributes": {
            "content": "#cloud-config\r\n# K3s HA Cluster Cloud-Init Configuration\r\n# Hostname: k3s-workers-pve2-2\r\n# VM Type: workers\r\n# Environment: prod\r\n\r\nhostname: k3s-workers-pve2-2\r\nmanage_etc_hosts: true\r\n\r\n# User configuration\r\nusers:\r\n  - name: ubuntu\r\n    groups: [adm, cdrom, dip, plugdev, lxd, sudo]\r\n    lock_passwd: false\r\n    shell: /bin/bash\r\n    ssh_authorized_keys:\r\n      - ssh-rsa AAAAB3NzaC1yc2EAAAADAQABAAACAQDA8goFZngSeRbtWzKIdDNd+vJdjABjsRwSDrRdSg9jCHl2alXMHQTDf9O9u+adKZRsaXB4y28O5wdsCvyv23s6h3d5lIi85Xz8qeV0A/qJwrvvqzV+Bh0WK4aktaMxY1SbREKjsiuRBqRGGsuKv26rC0oa4XMdugmDmzSfiTs4iV61j/Y9HpyPVuvOeO+JC0sFXpcrrXqPQz9FyOqqtrFURai65ftCYYKjMci8zJ9MHBxAjKDQbmklTUqF4l+d1t4yTZNcy067JjfpU3SFJoOHblu24417FZNnUUhLS/V3hHxE5RZePVZM8vpVUGMHalQsI7dcxz/Tq0qIL6OCc9Z/v/pTg62Ha5Y4TXpi65hpwqOL5UBSXqOSMuGwhuKlsMwCwRQ8NSnr+175Irp0KNH8SPGtyiZ15SxBOifdIqy3qAZH/qFvlvda0a4lsVtZXjzrl7TREX6/2mwS1X///0C7vj3CnUcQ+R2mE8Fe4JkWepN1eDREXYZ3vENe/AzoBVMV3sbRi66dTD7E3vsijCflfBtj5hp977WMMWHbcXiGIF0gqRac1Dr6p7wUAZwLu1tXeGZFHQQOUwDmYllg7O9aA7lyPZ6r9CpLUFnV3a8Pfhj3wAxW5tV8dMcMystWLKo23lRyQsYwEym7TE/an4nNwe4RHBOxdihPfZawONn74w==\r\n    sudo: ALL=(ALL) NOPASSWD:ALL\r\n\r\n# System packages\r\npackages:\r\n  - curl\r\n  - wget\r\n  - git\r\n  - htop\r\n  - iotop\r\n  - iftop\r\n  - ncdu\r\n  - net-tools\r\n  - unzip\r\n  - jq\r\n  - nfs-common\r\n  - open-iscsi\r\n  - util-linux\r\n  - cryptsetup\r\n  - lvm2\r\n\r\n\r\n# System configuration\r\nwrite_files:\r\n  # K3s configuration\r\n  - path: /etc/k3s-config.yaml\r\n    content: |\r\n      cluster-init: false\r\n      server: \r\n      token: MD7VSWru58GKUOPPdhP0JUeMNsYQnMfQ\r\n      disable:\r\n        - servicelb  # Use MetalLB instead\r\n        - traefik    # Use existing Traefik\r\n      tls-san:\r\n        - k3s-vip.cluster.local\r\n        - 10.10.100.50\r\n\r\n\r\n      node-label:\r\n        - \"node-role.kubernetes.io/worker=true\"\r\n\r\n\r\n    permissions: '0644'\r\n\r\n  # K3s installation script\r\n  - path: /usr/local/bin/install-k3s.sh\r\n    content: |\r\n      #!/bin/bash\r\n      set -euo pipefail\r\n      \r\n      echo \"Installing K3s on k3s-workers-pve2-2...\"\r\n      \r\n      # Wait for system to be ready\r\n      sleep 30\r\n      \r\n      # Install K3s\r\n      curl -sfL https://get.k3s.io | sh -s - \\\r\n        --config /etc/k3s-config.yaml \\\r\n\r\n\r\n        --server https://k3s-masters-1:6443 \\\r\n        agent \\\r\n\r\n        --write-kubeconfig-mode 644\r\n      \r\n      # Enable and start K3s\r\n      systemctl enable k3s\r\n      systemctl start k3s\r\n      \r\n      # Wait for K3s to be ready\r\n      until kubectl get nodes; do\r\n        echo \"Waiting for K3s to be ready...\"\r\n        sleep 10\r\n      done\r\n      \r\n      echo \"K3s installation completed on k3s-workers-pve2-2\"\r\n    permissions: '0755'\r\n\r\n  # System optimization for K3s\r\n  - path: /etc/sysctl.d/99-k3s.conf\r\n    content: |\r\n      # K3s system optimizations\r\n      net.bridge.bridge-nf-call-iptables = 1\r\n      net.bridge.bridge-nf-call-ip6tables = 1\r\n      net.ipv4.ip_forward = 1\r\n      vm.swappiness = 1\r\n      vm.overcommit_memory = 1\r\n      kernel.panic = 10\r\n      kernel.panic_on_oops = 1\r\n    permissions: '0644'\r\n\r\n  # Logrotate configuration for K3s\r\n  - path: /etc/logrotate.d/k3s\r\n    content: |\r\n      /var/log/k3s.log {\r\n        daily\r\n        missingok\r\n        rotate 7\r\n        compress\r\n        notifempty\r\n        create 644 root root\r\n        postrotate\r\n          systemctl reload k3s || true\r\n        endscript\r\n      }\r\n    permissions: '0644'\r\n\r\n\r\n\r\n# Boot commands\r\nbootcmd:\r\n  - echo 'APT::Periodic::Update-Package-Lists \"1\";' \u003e /etc/apt/apt.conf.d/20auto-upgrades\r\n  - echo 'APT::Periodic::Unattended-Upgrade \"1\";' \u003e\u003e /etc/apt/apt.conf.d/20auto-upgrades\r\n\r\n# Run commands\r\nruncmd:\r\n  # Update system\r\n  - apt-get update\r\n  - apt-get upgrade -y\r\n  \r\n  # Apply sysctl settings\r\n  - sysctl --system\r\n  \r\n  # Enable and configure services\r\n  - systemctl enable iscsid\r\n  - systemctl start iscsid\r\n  \r\n\r\n  \r\n  # Install K3s (delayed to ensure system is ready)\r\n  - sleep 60\r\n  - /usr/local/bin/install-k3s.sh\r\n  \r\n  # Log completion\r\n  - echo \"Cloud-init completed for k3s-workers-pve2-2 at $(date)\" \u003e\u003e /var/log/cloud-init-custom.log\r\n\r\n# Final message\r\nfinal_message: |\r\n  K3s node k3s-workers-pve2-2 (workers) is ready!\r\n  Environment: prod\r\n  VM Type: workers\r\n  Primary: false\r\n  \r\n  System information:\r\n  - OS: Ubuntu 22.04 LTS\r\n  - K3s: Latest stable\r\n  - Hostname: k3s-workers-pve2-2\r\n  \r\n  The system is ready for K3s cluster operations.\r\n\r\n# Reboot after cloud-init completion\r\npower_state:\r\n  mode: reboot\r\n  delay: now\r\n  condition: true",
            "content_base64": null,
            "content_base64sha256": "a5vTebyVNs7fq0kllkALFqtHjRzCcUeoMaDKJWS3u4k=",
            "content_base64sha512": "Grx0p/K8FI9ZaAb+mTAB49VFD388Wkp5Uy32RmasbjFhza9dPy9RZu+05DGSVGjCRKDOZ/Q86aAGGktJUsvdCg==",
            "content_md5": "a6477a8f89b3f422e678ef6ff31778ef",
            "content_sha1": "a3a122d8f57321b6208a3d154ca74c4db18c36c5",
            "content_sha256": "6b9bd379bc9536cedfab492596400b16ab478d1cc27147a831a0ca2564b7bb89",
            "content_sha512": "1abc74a7f2bc148f596806fe993001e3d5450f7f3c5a4a79532df64666ac6e3161cdaf5d3f2f5166efb4e431925468c244a0ce67f43ce9a0061a4b4952cbdd0a",
            "directory_permission": "0777",
            "file_permission": "0777",
            "filename": "../../modules/vm-template/generated/cloud-init-workers-pve2-2.yaml",
            "id": "a3a122d8f57321b6208a3d154ca74c4db18c36c5",
            "sensitive_content": null,
            "source": null
          },
          "sensitive_attributes": [
            [
              {
                "type": "get_attr",
                "value": "content"
              }
            ],
            [
              {
                "type": "get_attr",
                "value": "sensitive_content"
              }
            ]
          ],
          "identity_schema_version": 0,
          "dependencies": [
            "module.k3s_cluster_pve2.random_password.k3s_token"
          ]
        }
      ]
    },
    {
      "module": "module.k3s_cluster_pve2",
      "mode": "managed",
      "type": "proxmox_virtual_environment_vm",
      "name": "k3s_vms",
      "provider": "provider[\"registry.terraform.io/bpg/proxmox\"].pve2",
      "instances": [
        {
          "index_key": "gpu-workers-pve2-1",
          "schema_version": 0,
          "attributes": {
            "acpi": true,
            "agent": [],
            "audio_device": [],
            "bios": "seabios",
            "boot_order": null,
            "cdrom": [],
            "clone": [
              {
                "datastore_id": "",
                "full": true,
                "node_name": "",
                "retries": 1,
                "vm_id": 9000
              }
            ],
            "cpu": [
              {
                "affinity": "",
                "architecture": "",
                "cores": 8,
                "flags": null,
                "hotplugged": 0,
                "limit": 0,
                "numa": false,
                "sockets": 1,
                "type": "kvm64",
                "units": 1024
              }
            ],
            "description": "K3s gpu-workers node - prod environment",
            "disk": [],
            "efi_disk": [],
            "hook_script_file_id": null,
            "hostpci": [],
            "id": "500",
            "initialization": [
              {
                "datastore_id": "local-lvm",
                "dns": [
                  {
                    "domain": "cluster.local",
                    "server": "",
                    "servers": [
                      "8.8.8.8",
                      "8.8.4.4"
                    ]
                  }
                ],
                "interface": "ide0",
                "ip_config": [
                  {
                    "ipv4": [
                      {
                        "address": "dhcp",
                        "gateway": ""
                      }
                    ],
                    "ipv6": []
                  }
                ],
                "meta_data_file_id": "",
                "network_data_file_id": "",
                "type": "",
                "upgrade": false,
                "user_account": [
                  {
                    "keys": [
                      "ssh-rsa AAAAB3NzaC1yc2EAAAADAQABAAACAQDA8goFZngSeRbtWzKIdDNd+vJdjABjsRwSDrRdSg9jCHl2alXMHQTDf9O9u+adKZRsaXB4y28O5wdsCvyv23s6h3d5lIi85Xz8qeV0A/qJwrvvqzV+Bh0WK4aktaMxY1SbREKjsiuRBqRGGsuKv26rC0oa4XMdugmDmzSfiTs4iV61j/Y9HpyPVuvOeO+JC0sFXpcrrXqPQz9FyOqqtrFURai65ftCYYKjMci8zJ9MHBxAjKDQbmklTUqF4l+d1t4yTZNcy067JjfpU3SFJoOHblu24417FZNnUUhLS/V3hHxE5RZePVZM8vpVUGMHalQsI7dcxz/Tq0qIL6OCc9Z/v/pTg62Ha5Y4TXpi65hpwqOL5UBSXqOSMuGwhuKlsMwCwRQ8NSnr+175Irp0KNH8SPGtyiZ15SxBOifdIqy3qAZH/qFvlvda0a4lsVtZXjzrl7TREX6/2mwS1X///0C7vj3CnUcQ+R2mE8Fe4JkWepN1eDREXYZ3vENe/AzoBVMV3sbRi66dTD7E3vsijCflfBtj5hp977WMMWHbcXiGIF0gqRac1Dr6p7wUAZwLu1tXeGZFHQQOUwDmYllg7O9aA7lyPZ6r9CpLUFnV3a8Pfhj3wAxW5tV8dMcMystWLKo23lRyQsYwEym7TE/an4nNwe4RHBOxdihPfZawONn74w=="
                    ],
                    "password": "",
                    "username": "ubuntu"
                  }
                ],
                "user_data_file_id": "",
                "vendor_data_file_id": ""
              }
            ],
            "ipv4_addresses": [
              [
                "127.0.0.1"
              ],
              [
                "192.168.11.198"
              ]
            ],
            "ipv6_addresses": [
              [
                "::1"
              ],
              [
                "fe80::be24:11ff:fe07:5973"
              ]
            ],
            "keyboard_layout": "en-us",
            "kvm_arguments": null,
            "mac_addresses": [
              "00:00:00:00:00:00",
              "BC:24:11:07:59:73"
            ],
            "machine": null,
            "memory": [
              {
                "dedicated": 16384,
                "floating": 16384,
                "hugepages": "",
                "keep_hugepages": false,
                "shared": 0
              }
            ],
            "migrate": false,
            "name": "k3s-gpu-workers-pve2-1",
            "network_device": [
              {
                "bridge": "vmbr0",
                "disconnected": false,
                "enabled": true,
                "firewall": false,
                "mac_address": "BC:24:11:07:59:73",
                "model": "virtio",
                "mtu": 0,
                "queues": 0,
                "rate_limit": 0,
                "trunks": "",
                "vlan_id": 11
              }
            ],
            "network_interface_names": [
              "lo",
              "eth0"
            ],
            "node_name": "pve2",
            "numa": [],
            "on_boot": true,
            "operating_system": [],
            "pool_id": null,
            "protection": false,
            "reboot": false,
            "scsi_hardware": "virtio-scsi-pci",
            "serial_device": [],
            "smbios": [],
            "started": true,
            "startup": [],
            "stop_on_destroy": false,
            "tablet_device": true,
            "tags": [
              "cluster-k3s-ha",
              "environment-prod",
              "managedby-terraform",
              "project-homelab"
            ],
            "template": false,
            "timeout_clone": 1800,
            "timeout_create": 1800,
            "timeout_migrate": 1800,
            "timeout_move_disk": 1800,
            "timeout_reboot": 1800,
            "timeout_shutdown_vm": 1800,
            "timeout_start_vm": 1800,
            "timeout_stop_vm": 300,
            "tpm_state": [],
            "usb": [],
            "vga": [
              {
                "clipboard": "",
                "memory": 0,
                "type": ""
              }
            ],
            "vm_id": 500,
            "watchdog": []
          },
          "sensitive_attributes": [
            [
              {
                "type": "get_attr",
                "value": "initialization"
              },
              {
                "type": "index",
                "value": {
                  "value": 0,
                  "type": "number"
                }
              },
              {
                "type": "get_attr",
                "value": "user_account"
              },
              {
                "type": "index",
                "value": {
                  "value": 0,
                  "type": "number"
                }
              },
              {
                "type": "get_attr",
                "value": "password"
              }
            ]
          ],
          "identity_schema_version": 0,
          "private": "bnVsbA==",
          "dependencies": [
            "module.k3s_cluster_pve2.data.proxmox_virtual_environment_vms.all_templates"
          ],
          "create_before_destroy": true
        },
        {
          "index_key": "masters-pve2-1",
          "schema_version": 0,
          "attributes": {
            "acpi": true,
            "agent": [],
            "audio_device": [],
            "bios": "seabios",
            "boot_order": null,
            "cdrom": [],
            "clone": [
              {
                "datastore_id": "",
                "full": true,
                "node_name": "",
                "retries": 1,
                "vm_id": 9000
              }
            ],
            "cpu": [
              {
                "affinity": "",
                "architecture": "",
                "cores": 4,
                "flags": null,
                "hotplugged": 0,
                "limit": 0,
                "numa": false,
                "sockets": 1,
                "type": "kvm64",
                "units": 1024
              }
            ],
            "description": "K3s masters node - prod environment",
            "disk": [],
            "efi_disk": [],
            "hook_script_file_id": null,
            "hostpci": [],
            "id": "300",
            "initialization": [
              {
                "datastore_id": "local-lvm",
                "dns": [
                  {
                    "domain": "cluster.local",
                    "server": "",
                    "servers": [
                      "8.8.8.8",
                      "8.8.4.4"
                    ]
                  }
                ],
                "interface": "ide0",
                "ip_config": [
                  {
                    "ipv4": [
                      {
                        "address": "dhcp",
                        "gateway": ""
                      }
                    ],
                    "ipv6": []
                  }
                ],
                "meta_data_file_id": "",
                "network_data_file_id": "",
                "type": "",
                "upgrade": false,
                "user_account": [
                  {
                    "keys": [
                      "ssh-rsa AAAAB3NzaC1yc2EAAAADAQABAAACAQDA8goFZngSeRbtWzKIdDNd+vJdjABjsRwSDrRdSg9jCHl2alXMHQTDf9O9u+adKZRsaXB4y28O5wdsCvyv23s6h3d5lIi85Xz8qeV0A/qJwrvvqzV+Bh0WK4aktaMxY1SbREKjsiuRBqRGGsuKv26rC0oa4XMdugmDmzSfiTs4iV61j/Y9HpyPVuvOeO+JC0sFXpcrrXqPQz9FyOqqtrFURai65ftCYYKjMci8zJ9MHBxAjKDQbmklTUqF4l+d1t4yTZNcy067JjfpU3SFJoOHblu24417FZNnUUhLS/V3hHxE5RZePVZM8vpVUGMHalQsI7dcxz/Tq0qIL6OCc9Z/v/pTg62Ha5Y4TXpi65hpwqOL5UBSXqOSMuGwhuKlsMwCwRQ8NSnr+175Irp0KNH8SPGtyiZ15SxBOifdIqy3qAZH/qFvlvda0a4lsVtZXjzrl7TREX6/2mwS1X///0C7vj3CnUcQ+R2mE8Fe4JkWepN1eDREXYZ3vENe/AzoBVMV3sbRi66dTD7E3vsijCflfBtj5hp977WMMWHbcXiGIF0gqRac1Dr6p7wUAZwLu1tXeGZFHQQOUwDmYllg7O9aA7lyPZ6r9CpLUFnV3a8Pfhj3wAxW5tV8dMcMystWLKo23lRyQsYwEym7TE/an4nNwe4RHBOxdihPfZawONn74w=="
                    ],
                    "password": "",
                    "username": "ubuntu"
                  }
                ],
                "user_data_file_id": "",
                "vendor_data_file_id": ""
              }
            ],
            "ipv4_addresses": [
              [
                "127.0.0.1"
              ],
              [
                "192.168.11.248"
              ]
            ],
            "ipv6_addresses": [
              [
                "::1"
              ],
              [
                "fe80::be24:11ff:fef3:826a"
              ]
            ],
            "keyboard_layout": "en-us",
            "kvm_arguments": null,
            "mac_addresses": [
              "00:00:00:00:00:00",
              "BC:24:11:F3:82:6A"
            ],
            "machine": null,
            "memory": [
              {
                "dedicated": 4096,
                "floating": 4096,
                "hugepages": "",
                "keep_hugepages": false,
                "shared": 0
              }
            ],
            "migrate": false,
            "name": "k3s-masters-pve2-1",
            "network_device": [
              {
                "bridge": "vmbr0",
                "disconnected": false,
                "enabled": true,
                "firewall": false,
                "mac_address": "BC:24:11:F3:82:6A",
                "model": "virtio",
                "mtu": 0,
                "queues": 0,
                "rate_limit": 0,
                "trunks": "",
                "vlan_id": 11
              }
            ],
            "network_interface_names": [
              "lo",
              "eth0"
            ],
            "node_name": "pve2",
            "numa": [],
            "on_boot": true,
            "operating_system": [],
            "pool_id": null,
            "protection": false,
            "reboot": false,
            "scsi_hardware": "virtio-scsi-pci",
            "serial_device": [],
            "smbios": [],
            "started": true,
            "startup": [],
            "stop_on_destroy": false,
            "tablet_device": true,
            "tags": [
              "cluster-k3s-ha",
              "environment-prod",
              "managedby-terraform",
              "project-homelab"
            ],
            "template": false,
            "timeout_clone": 1800,
            "timeout_create": 1800,
            "timeout_migrate": 1800,
            "timeout_move_disk": 1800,
            "timeout_reboot": 1800,
            "timeout_shutdown_vm": 1800,
            "timeout_start_vm": 1800,
            "timeout_stop_vm": 300,
            "tpm_state": [],
            "usb": [],
            "vga": [
              {
                "clipboard": "",
                "memory": 0,
                "type": ""
              }
            ],
            "vm_id": 300,
            "watchdog": []
          },
          "sensitive_attributes": [
            [
              {
                "type": "get_attr",
                "value": "initialization"
              },
              {
                "type": "index",
                "value": {
                  "value": 0,
                  "type": "number"
                }
              },
              {
                "type": "get_attr",
                "value": "user_account"
              },
              {
                "type": "index",
                "value": {
                  "value": 0,
                  "type": "number"
                }
              },
              {
                "type": "get_attr",
                "value": "password"
              }
            ]
          ],
          "identity_schema_version": 0,
          "private": "bnVsbA==",
          "dependencies": [
            "module.k3s_cluster_pve2.data.proxmox_virtual_environment_vms.all_templates"
          ],
          "create_before_destroy": true
        },
        {
          "index_key": "workers-pve2-1",
          "schema_version": 0,
          "attributes": {
            "acpi": true,
            "agent": [],
            "audio_device": [],
            "bios": "seabios",
            "boot_order": null,
            "cdrom": [],
            "clone": [
              {
                "datastore_id": "",
                "full": true,
                "node_name": "",
                "retries": 1,
                "vm_id": 9000
              }
            ],
            "cpu": [
              {
                "affinity": "",
                "architecture": "",
                "cores": 4,
                "flags": null,
                "hotplugged": 0,
                "limit": 0,
                "numa": false,
                "sockets": 1,
                "type": "kvm64",
                "units": 1024
              }
            ],
            "description": "K3s workers node - prod environment",
            "disk": [],
            "efi_disk": [],
            "hook_script_file_id": null,
            "hostpci": [],
            "id": "400",
            "initialization": [
              {
                "datastore_id": "local-lvm",
                "dns": [
                  {
                    "domain": "cluster.local",
                    "server": "",
                    "servers": [
                      "8.8.8.8",
                      "8.8.4.4"
                    ]
                  }
                ],
                "interface": "ide0",
                "ip_config": [
                  {
                    "ipv4": [
                      {
                        "address": "dhcp",
                        "gateway": ""
                      }
                    ],
                    "ipv6": []
                  }
                ],
                "meta_data_file_id": "",
                "network_data_file_id": "",
                "type": "",
                "upgrade": false,
                "user_account": [
                  {
                    "keys": [
                      "ssh-rsa AAAAB3NzaC1yc2EAAAADAQABAAACAQDA8goFZngSeRbtWzKIdDNd+vJdjABjsRwSDrRdSg9jCHl2alXMHQTDf9O9u+adKZRsaXB4y28O5wdsCvyv23s6h3d5lIi85Xz8qeV0A/qJwrvvqzV+Bh0WK4aktaMxY1SbREKjsiuRBqRGGsuKv26rC0oa4XMdugmDmzSfiTs4iV61j/Y9HpyPVuvOeO+JC0sFXpcrrXqPQz9FyOqqtrFURai65ftCYYKjMci8zJ9MHBxAjKDQbmklTUqF4l+d1t4yTZNcy067JjfpU3SFJoOHblu24417FZNnUUhLS/V3hHxE5RZePVZM8vpVUGMHalQsI7dcxz/Tq0qIL6OCc9Z/v/pTg62Ha5Y4TXpi65hpwqOL5UBSXqOSMuGwhuKlsMwCwRQ8NSnr+175Irp0KNH8SPGtyiZ15SxBOifdIqy3qAZH/qFvlvda0a4lsVtZXjzrl7TREX6/2mwS1X///0C7vj3CnUcQ+R2mE8Fe4JkWepN1eDREXYZ3vENe/AzoBVMV3sbRi66dTD7E3vsijCflfBtj5hp977WMMWHbcXiGIF0gqRac1Dr6p7wUAZwLu1tXeGZFHQQOUwDmYllg7O9aA7lyPZ6r9CpLUFnV3a8Pfhj3wAxW5tV8dMcMystWLKo23lRyQsYwEym7TE/an4nNwe4RHBOxdihPfZawONn74w=="
                    ],
                    "password": "",
                    "username": "ubuntu"
                  }
                ],
                "user_data_file_id": "",
                "vendor_data_file_id": ""
              }
            ],
            "ipv4_addresses": [
              [
                "127.0.0.1"
              ],
              [
                "192.168.11.51"
              ]
            ],
            "ipv6_addresses": [
              [
                "::1"
              ],
              [
                "fe80::be24:11ff:fe2e:6bbe"
              ]
            ],
            "keyboard_layout": "en-us",
            "kvm_arguments": null,
            "mac_addresses": [
              "00:00:00:00:00:00",
              "BC:24:11:2E:6B:BE"
            ],
            "machine": null,
            "memory": [
              {
                "dedicated": 8192,
                "floating": 8192,
                "hugepages": "",
                "keep_hugepages": false,
                "shared": 0
              }
            ],
            "migrate": false,
            "name": "k3s-workers-pve2-1",
            "network_device": [
              {
                "bridge": "vmbr0",
                "disconnected": false,
                "enabled": true,
                "firewall": false,
                "mac_address": "BC:24:11:2E:6B:BE",
                "model": "virtio",
                "mtu": 0,
                "queues": 0,
                "rate_limit": 0,
                "trunks": "",
                "vlan_id": 11
              }
            ],
            "network_interface_names": [
              "lo",
              "eth0"
            ],
            "node_name": "pve2",
            "numa": [],
            "on_boot": true,
            "operating_system": [],
            "pool_id": null,
            "protection": false,
            "reboot": false,
            "scsi_hardware": "virtio-scsi-pci",
            "serial_device": [],
            "smbios": [],
            "started": true,
            "startup": [],
            "stop_on_destroy": false,
            "tablet_device": true,
            "tags": [
              "cluster-k3s-ha",
              "environment-prod",
              "managedby-terraform",
              "project-homelab"
            ],
            "template": false,
            "timeout_clone": 1800,
            "timeout_create": 1800,
            "timeout_migrate": 1800,
            "timeout_move_disk": 1800,
            "timeout_reboot": 1800,
            "timeout_shutdown_vm": 1800,
            "timeout_start_vm": 1800,
            "timeout_stop_vm": 300,
            "tpm_state": [],
            "usb": [],
            "vga": [
              {
                "clipboard": "",
                "memory": 0,
                "type": ""
              }
            ],
            "vm_id": 400,
            "watchdog": []
          },
          "sensitive_attributes": [
            [
              {
                "type": "get_attr",
                "value": "initialization"
              },
              {
                "type": "index",
                "value": {
                  "value": 0,
                  "type": "number"
                }
              },
              {
                "type": "get_attr",
                "value": "user_account"
              },
              {
                "type": "index",
                "value": {
                  "value": 0,
                  "type": "number"
                }
              },
              {
                "type": "get_attr",
                "value": "password"
              }
            ]
          ],
          "identity_schema_version": 0,
          "private": "bnVsbA==",
          "dependencies": [
            "module.k3s_cluster_pve2.data.proxmox_virtual_environment_vms.all_templates"
          ],
          "create_before_destroy": true
        },
        {
          "index_key": "workers-pve2-2",
          "schema_version": 0,
          "attributes": {
            "acpi": true,
            "agent": [],
            "audio_device": [],
            "bios": "seabios",
            "boot_order": null,
            "cdrom": [],
            "clone": [
              {
                "datastore_id": "",
                "full": true,
                "node_name": "",
                "retries": 1,
                "vm_id": 9000
              }
            ],
            "cpu": [
              {
                "affinity": "",
                "architecture": "",
                "cores": 4,
                "flags": null,
                "hotplugged": 0,
                "limit": 0,
                "numa": false,
                "sockets": 1,
                "type": "kvm64",
                "units": 1024
              }
            ],
            "description": "K3s workers node - prod environment",
            "disk": [],
            "efi_disk": [],
            "hook_script_file_id": null,
            "hostpci": [],
            "id": "401",
            "initialization": [
              {
                "datastore_id": "local-lvm",
                "dns": [
                  {
                    "domain": "cluster.local",
                    "server": "",
                    "servers": [
                      "8.8.8.8",
                      "8.8.4.4"
                    ]
                  }
                ],
                "interface": "ide0",
                "ip_config": [
                  {
                    "ipv4": [
                      {
                        "address": "dhcp",
                        "gateway": ""
                      }
                    ],
                    "ipv6": []
                  }
                ],
                "meta_data_file_id": "",
                "network_data_file_id": "",
                "type": "",
                "upgrade": false,
                "user_account": [
                  {
                    "keys": [
                      "ssh-rsa AAAAB3NzaC1yc2EAAAADAQABAAACAQDA8goFZngSeRbtWzKIdDNd+vJdjABjsRwSDrRdSg9jCHl2alXMHQTDf9O9u+adKZRsaXB4y28O5wdsCvyv23s6h3d5lIi85Xz8qeV0A/qJwrvvqzV+Bh0WK4aktaMxY1SbREKjsiuRBqRGGsuKv26rC0oa4XMdugmDmzSfiTs4iV61j/Y9HpyPVuvOeO+JC0sFXpcrrXqPQz9FyOqqtrFURai65ftCYYKjMci8zJ9MHBxAjKDQbmklTUqF4l+d1t4yTZNcy067JjfpU3SFJoOHblu24417FZNnUUhLS/V3hHxE5RZePVZM8vpVUGMHalQsI7dcxz/Tq0qIL6OCc9Z/v/pTg62Ha5Y4TXpi65hpwqOL5UBSXqOSMuGwhuKlsMwCwRQ8NSnr+175Irp0KNH8SPGtyiZ15SxBOifdIqy3qAZH/qFvlvda0a4lsVtZXjzrl7TREX6/2mwS1X///0C7vj3CnUcQ+R2mE8Fe4JkWepN1eDREXYZ3vENe/AzoBVMV3sbRi66dTD7E3vsijCflfBtj5hp977WMMWHbcXiGIF0gqRac1Dr6p7wUAZwLu1tXeGZFHQQOUwDmYllg7O9aA7lyPZ6r9CpLUFnV3a8Pfhj3wAxW5tV8dMcMystWLKo23lRyQsYwEym7TE/an4nNwe4RHBOxdihPfZawONn74w=="
                    ],
                    "password": "",
                    "username": "ubuntu"
                  }
                ],
                "user_data_file_id": "",
                "vendor_data_file_id": ""
              }
            ],
            "ipv4_addresses": [
              [
                "127.0.0.1"
              ],
              [
                "192.168.11.25"
              ]
            ],
            "ipv6_addresses": [
              [
                "::1"
              ],
              [
                "fe80::be24:11ff:fe2f:3d98"
              ]
            ],
            "keyboard_layout": "en-us",
            "kvm_arguments": null,
            "mac_addresses": [
              "00:00:00:00:00:00",
              "BC:24:11:2F:3D:98"
            ],
            "machine": null,
            "memory": [
              {
                "dedicated": 8192,
                "floating": 8192,
                "hugepages": "",
                "keep_hugepages": false,
                "shared": 0
              }
            ],
            "migrate": false,
            "name": "k3s-workers-pve2-2",
            "network_device": [
              {
                "bridge": "vmbr0",
                "disconnected": false,
                "enabled": true,
                "firewall": false,
                "mac_address": "BC:24:11:2F:3D:98",
                "model": "virtio",
                "mtu": 0,
                "queues": 0,
                "rate_limit": 0,
                "trunks": "",
                "vlan_id": 11
              }
            ],
            "network_interface_names": [
              "lo",
              "eth0"
            ],
            "node_name": "pve2",
            "numa": [],
            "on_boot": true,
            "operating_system": [],
            "pool_id": null,
            "protection": false,
            "reboot": false,
            "scsi_hardware": "virtio-scsi-pci",
            "serial_device": [],
            "smbios": [],
            "started": true,
            "startup": [],
            "stop_on_destroy": false,
            "tablet_device": true,
            "tags": [
              "cluster-k3s-ha",
              "environment-prod",
              "managedby-terraform",
              "project-homelab"
            ],
            "template": false,
            "timeout_clone": 1800,
            "timeout_create": 1800,
            "timeout_migrate": 1800,
            "timeout_move_disk": 1800,
            "timeout_reboot": 1800,
            "timeout_shutdown_vm": 1800,
            "timeout_start_vm": 1800,
            "timeout_stop_vm": 300,
            "tpm_state": [],
            "usb": [],
            "vga": [
              {
                "clipboard": "",
                "memory": 0,
                "type": ""
              }
            ],
            "vm_id": 401,
            "watchdog": []
          },
          "sensitive_attributes": [
            [
              {
                "type": "get_attr",
                "value": "initialization"
              },
              {
                "type": "index",
                "value": {
                  "value": 0,
                  "type": "number"
                }
              },
              {
                "type": "get_attr",
                "value": "user_account"
              },
              {
                "type": "index",
                "value": {
                  "value": 0,
                  "type": "number"
                }
              },
              {
                "type": "get_attr",
                "value": "password"
              }
            ]
          ],
          "identity_schema_version": 0,
          "private": "bnVsbA==",
          "dependencies": [
            "module.k3s_cluster_pve2.data.proxmox_virtual_environment_vms.all_templates"
          ],
          "create_before_destroy": true
        }
      ]
    },
    {
      "module": "module.k3s_cluster_pve2",
      "mode": "managed",
      "type": "random_password",
      "name": "k3s_token",
      "provider": "provider[\"registry.terraform.io/hashicorp/random\"]",
      "instances": [
        {
          "schema_version": 3,
          "attributes": {
            "bcrypt_hash": "$2a$10$oVJSv278KxYlxUtEKoXtAO4h3N0pafJLBHprV8JzLdXeS2Q0.HgiW",
            "id": "none",
            "keepers": null,
            "length": 32,
            "lower": true,
            "min_lower": 0,
            "min_numeric": 0,
            "min_special": 0,
            "min_upper": 0,
            "number": true,
            "numeric": true,
            "override_special": null,
            "result": "MD7VSWru58GKUOPPdhP0JUeMNsYQnMfQ",
            "special": false,
            "upper": true
          },
          "sensitive_attributes": [
            [
              {
                "type": "get_attr",
                "value": "bcrypt_hash"
              }
            ],
            [
              {
                "type": "get_attr",
                "value": "result"
              }
            ]
          ],
          "identity_schema_version": 0
        }
      ]
    },
    {
      "module": "module.k3s_cluster_pve4",
      "mode": "managed",
      "type": "local_file",
      "name": "cloud_init_configs",
      "provider": "provider[\"registry.terraform.io/hashicorp/local\"]",
      "instances": [
        {
          "index_key": "gpu-workers-pve4-1",
          "schema_version": 0,
          "attributes": {
            "content": "#cloud-config\r\n# K3s HA Cluster Cloud-Init Configuration\r\n# Hostname: k3s-gpu-workers-pve4-1\r\n# VM Type: gpu-workers\r\n# Environment: prod\r\n\r\nhostname: k3s-gpu-workers-pve4-1\r\nmanage_etc_hosts: true\r\n\r\n# User configuration\r\nusers:\r\n  - name: ubuntu\r\n    groups: [adm, cdrom, dip, plugdev, lxd, sudo]\r\n    lock_passwd: false\r\n    shell: /bin/bash\r\n    ssh_authorized_keys:\r\n      - ssh-rsa AAAAB3NzaC1yc2EAAAADAQABAAACAQDA8goFZngSeRbtWzKIdDNd+vJdjABjsRwSDrRdSg9jCHl2alXMHQTDf9O9u+adKZRsaXB4y28O5wdsCvyv23s6h3d5lIi85Xz8qeV0A/qJwrvvqzV+Bh0WK4aktaMxY1SbREKjsiuRBqRGGsuKv26rC0oa4XMdugmDmzSfiTs4iV61j/Y9HpyPVuvOeO+JC0sFXpcrrXqPQz9FyOqqtrFURai65ftCYYKjMci8zJ9MHBxAjKDQbmklTUqF4l+d1t4yTZNcy067JjfpU3SFJoOHblu24417FZNnUUhLS/V3hHxE5RZePVZM8vpVUGMHalQsI7dcxz/Tq0qIL6OCc9Z/v/pTg62Ha5Y4TXpi65hpwqOL5UBSXqOSMuGwhuKlsMwCwRQ8NSnr+175Irp0KNH8SPGtyiZ15SxBOifdIqy3qAZH/qFvlvda0a4lsVtZXjzrl7TREX6/2mwS1X///0C7vj3CnUcQ+R2mE8Fe4JkWepN1eDREXYZ3vENe/AzoBVMV3sbRi66dTD7E3vsijCflfBtj5hp977WMMWHbcXiGIF0gqRac1Dr6p7wUAZwLu1tXeGZFHQQOUwDmYllg7O9aA7lyPZ6r9CpLUFnV3a8Pfhj3wAxW5tV8dMcMystWLKo23lRyQsYwEym7TE/an4nNwe4RHBOxdihPfZawONn74w==\r\n    sudo: ALL=(ALL) NOPASSWD:ALL\r\n\r\n# System packages\r\npackages:\r\n  - curl\r\n  - wget\r\n  - git\r\n  - htop\r\n  - iotop\r\n  - iftop\r\n  - ncdu\r\n  - net-tools\r\n  - unzip\r\n  - jq\r\n  - nfs-common\r\n  - open-iscsi\r\n  - util-linux\r\n  - cryptsetup\r\n  - lvm2\r\n\r\n\r\n# System configuration\r\nwrite_files:\r\n  # K3s configuration\r\n  - path: /etc/k3s-config.yaml\r\n    content: |\r\n      cluster-init: false\r\n      server: \r\n      token: QRDY80vqKVjey82Amgn83YJq1kIXwHBW\r\n      disable:\r\n        - servicelb  # Use MetalLB instead\r\n        - traefik    # Use existing Traefik\r\n      tls-san:\r\n        - k3s-vip.cluster.local\r\n        - 10.10.100.50\r\n\r\n\r\n\r\n    permissions: '0644'\r\n\r\n  # K3s installation script\r\n  - path: /usr/local/bin/install-k3s.sh\r\n    content: |\r\n      #!/bin/bash\r\n      set -euo pipefail\r\n      \r\n      echo \"Installing K3s on k3s-gpu-workers-pve4-1...\"\r\n      \r\n      # Wait for system to be ready\r\n      sleep 30\r\n      \r\n      # Install K3s\r\n      curl -sfL https://get.k3s.io | sh -s - \\\r\n        --config /etc/k3s-config.yaml \\\r\n\r\n\r\n        --write-kubeconfig-mode 644\r\n      \r\n      # Enable and start K3s\r\n      systemctl enable k3s\r\n      systemctl start k3s\r\n      \r\n      # Wait for K3s to be ready\r\n      until kubectl get nodes; do\r\n        echo \"Waiting for K3s to be ready...\"\r\n        sleep 10\r\n      done\r\n      \r\n      echo \"K3s installation completed on k3s-gpu-workers-pve4-1\"\r\n    permissions: '0755'\r\n\r\n  # System optimization for K3s\r\n  - path: /etc/sysctl.d/99-k3s.conf\r\n    content: |\r\n      # K3s system optimizations\r\n      net.bridge.bridge-nf-call-iptables = 1\r\n      net.bridge.bridge-nf-call-ip6tables = 1\r\n      net.ipv4.ip_forward = 1\r\n      vm.swappiness = 1\r\n      vm.overcommit_memory = 1\r\n      kernel.panic = 10\r\n      kernel.panic_on_oops = 1\r\n    permissions: '0644'\r\n\r\n  # Logrotate configuration for K3s\r\n  - path: /etc/logrotate.d/k3s\r\n    content: |\r\n      /var/log/k3s.log {\r\n        daily\r\n        missingok\r\n        rotate 7\r\n        compress\r\n        notifempty\r\n        create 644 root root\r\n        postrotate\r\n          systemctl reload k3s || true\r\n        endscript\r\n      }\r\n    permissions: '0644'\r\n\r\n\r\n\r\n# Boot commands\r\nbootcmd:\r\n  - echo 'APT::Periodic::Update-Package-Lists \"1\";' \u003e /etc/apt/apt.conf.d/20auto-upgrades\r\n  - echo 'APT::Periodic::Unattended-Upgrade \"1\";' \u003e\u003e /etc/apt/apt.conf.d/20auto-upgrades\r\n\r\n# Run commands\r\nruncmd:\r\n  # Update system\r\n  - apt-get update\r\n  - apt-get upgrade -y\r\n  \r\n  # Apply sysctl settings\r\n  - sysctl --system\r\n  \r\n  # Enable and configure services\r\n  - systemctl enable iscsid\r\n  - systemctl start iscsid\r\n  \r\n\r\n  \r\n  # Install K3s (delayed to ensure system is ready)\r\n  - sleep 60\r\n  - /usr/local/bin/install-k3s.sh\r\n  \r\n  # Log completion\r\n  - echo \"Cloud-init completed for k3s-gpu-workers-pve4-1 at $(date)\" \u003e\u003e /var/log/cloud-init-custom.log\r\n\r\n# Final message\r\nfinal_message: |\r\n  K3s node k3s-gpu-workers-pve4-1 (gpu-workers) is ready!\r\n  Environment: prod\r\n  VM Type: gpu-workers\r\n  Primary: false\r\n  \r\n  System information:\r\n  - OS: Ubuntu 22.04 LTS\r\n  - K3s: Latest stable\r\n  - Hostname: k3s-gpu-workers-pve4-1\r\n  \r\n  The system is ready for K3s cluster operations.\r\n\r\n# Reboot after cloud-init completion\r\npower_state:\r\n  mode: reboot\r\n  delay: now\r\n  condition: true",
            "content_base64": null,
            "content_base64sha256": "jDU+SJtDsZ0errrITt9oEwXKAtuAIBNd88nB2CAuw8k=",
            "content_base64sha512": "k6N8HEG9Srb2r2cnqpvCTbi0MO9WMor3tkuTOwFZIR0sWvUP8m+BNO4ro83oVzPjnYOk0B54pqDVdDUHHjS6dw==",
            "content_md5": "38fb5d0b455e45d5d6c04e1f4e358bc8",
            "content_sha1": "1e43e3fd4472e90119f08fef4253403799be7a45",
            "content_sha256": "8c353e489b43b19d1eaebac84edf681305ca02db8020135df3c9c1d8202ec3c9",
            "content_sha512": "93a37c1c41bd4ab6f6af6727aa9bc24db8b430ef56328af7b64b933b0159211d2c5af50ff26f8134ee2ba3cde85733e39d83a4d01e78a6a0d57435071e34ba77",
            "directory_permission": "0777",
            "file_permission": "0777",
            "filename": "../../modules/vm-template/generated/cloud-init-gpu-workers-pve4-1.yaml",
            "id": "1e43e3fd4472e90119f08fef4253403799be7a45",
            "sensitive_content": null,
            "source": null
          },
          "sensitive_attributes": [
            [
              {
                "type": "get_attr",
                "value": "content"
              }
            ],
            [
              {
                "type": "get_attr",
                "value": "sensitive_content"
              }
            ]
          ],
          "identity_schema_version": 0,
          "dependencies": [
            "module.k3s_cluster_pve4.random_password.k3s_token"
          ]
        },
        {
          "index_key": "masters-pve4-1",
          "schema_version": 0,
          "attributes": {
            "content": "#cloud-config\r\n# K3s HA Cluster Cloud-Init Configuration\r\n# Hostname: k3s-masters-pve4-1\r\n# VM Type: masters\r\n# Environment: prod\r\n\r\nhostname: k3s-masters-pve4-1\r\nmanage_etc_hosts: true\r\n\r\n# User configuration\r\nusers:\r\n  - name: ubuntu\r\n    groups: [adm, cdrom, dip, plugdev, lxd, sudo]\r\n    lock_passwd: false\r\n    shell: /bin/bash\r\n    ssh_authorized_keys:\r\n      - ssh-rsa AAAAB3NzaC1yc2EAAAADAQABAAACAQDA8goFZngSeRbtWzKIdDNd+vJdjABjsRwSDrRdSg9jCHl2alXMHQTDf9O9u+adKZRsaXB4y28O5wdsCvyv23s6h3d5lIi85Xz8qeV0A/qJwrvvqzV+Bh0WK4aktaMxY1SbREKjsiuRBqRGGsuKv26rC0oa4XMdugmDmzSfiTs4iV61j/Y9HpyPVuvOeO+JC0sFXpcrrXqPQz9FyOqqtrFURai65ftCYYKjMci8zJ9MHBxAjKDQbmklTUqF4l+d1t4yTZNcy067JjfpU3SFJoOHblu24417FZNnUUhLS/V3hHxE5RZePVZM8vpVUGMHalQsI7dcxz/Tq0qIL6OCc9Z/v/pTg62Ha5Y4TXpi65hpwqOL5UBSXqOSMuGwhuKlsMwCwRQ8NSnr+175Irp0KNH8SPGtyiZ15SxBOifdIqy3qAZH/qFvlvda0a4lsVtZXjzrl7TREX6/2mwS1X///0C7vj3CnUcQ+R2mE8Fe4JkWepN1eDREXYZ3vENe/AzoBVMV3sbRi66dTD7E3vsijCflfBtj5hp977WMMWHbcXiGIF0gqRac1Dr6p7wUAZwLu1tXeGZFHQQOUwDmYllg7O9aA7lyPZ6r9CpLUFnV3a8Pfhj3wAxW5tV8dMcMystWLKo23lRyQsYwEym7TE/an4nNwe4RHBOxdihPfZawONn74w==\r\n    sudo: ALL=(ALL) NOPASSWD:ALL\r\n\r\n# System packages\r\npackages:\r\n  - curl\r\n  - wget\r\n  - git\r\n  - htop\r\n  - iotop\r\n  - iftop\r\n  - ncdu\r\n  - net-tools\r\n  - unzip\r\n  - jq\r\n  - nfs-common\r\n  - open-iscsi\r\n  - util-linux\r\n  - cryptsetup\r\n  - lvm2\r\n\r\n\r\n# System configuration\r\nwrite_files:\r\n  # K3s configuration\r\n  - path: /etc/k3s-config.yaml\r\n    content: |\r\n      cluster-init: false\r\n      server: \r\n      token: QRDY80vqKVjey82Amgn83YJq1kIXwHBW\r\n      disable:\r\n        - servicelb  # Use MetalLB instead\r\n        - traefik    # Use existing Traefik\r\n      tls-san:\r\n        - k3s-vip.cluster.local\r\n        - 10.10.100.50\r\n\r\n      node-taint:\r\n        - \"node-role.kubernetes.io/master=true:NoSchedule\"\r\n\r\n\r\n\r\n    permissions: '0644'\r\n\r\n  # K3s installation script\r\n  - path: /usr/local/bin/install-k3s.sh\r\n    content: |\r\n      #!/bin/bash\r\n      set -euo pipefail\r\n      \r\n      echo \"Installing K3s on k3s-masters-pve4-1...\"\r\n      \r\n      # Wait for system to be ready\r\n      sleep 30\r\n      \r\n      # Install K3s\r\n      curl -sfL https://get.k3s.io | sh -s - \\\r\n        --config /etc/k3s-config.yaml \\\r\n\r\n        --server https://k3s-masters-1:6443 \\\r\n\r\n\r\n        --write-kubeconfig-mode 644\r\n      \r\n      # Enable and start K3s\r\n      systemctl enable k3s\r\n      systemctl start k3s\r\n      \r\n      # Wait for K3s to be ready\r\n      until kubectl get nodes; do\r\n        echo \"Waiting for K3s to be ready...\"\r\n        sleep 10\r\n      done\r\n      \r\n      echo \"K3s installation completed on k3s-masters-pve4-1\"\r\n    permissions: '0755'\r\n\r\n  # System optimization for K3s\r\n  - path: /etc/sysctl.d/99-k3s.conf\r\n    content: |\r\n      # K3s system optimizations\r\n      net.bridge.bridge-nf-call-iptables = 1\r\n      net.bridge.bridge-nf-call-ip6tables = 1\r\n      net.ipv4.ip_forward = 1\r\n      vm.swappiness = 1\r\n      vm.overcommit_memory = 1\r\n      kernel.panic = 10\r\n      kernel.panic_on_oops = 1\r\n    permissions: '0644'\r\n\r\n  # Logrotate configuration for K3s\r\n  - path: /etc/logrotate.d/k3s\r\n    content: |\r\n      /var/log/k3s.log {\r\n        daily\r\n        missingok\r\n        rotate 7\r\n        compress\r\n        notifempty\r\n        create 644 root root\r\n        postrotate\r\n          systemctl reload k3s || true\r\n        endscript\r\n      }\r\n    permissions: '0644'\r\n\r\n\r\n\r\n# Boot commands\r\nbootcmd:\r\n  - echo 'APT::Periodic::Update-Package-Lists \"1\";' \u003e /etc/apt/apt.conf.d/20auto-upgrades\r\n  - echo 'APT::Periodic::Unattended-Upgrade \"1\";' \u003e\u003e /etc/apt/apt.conf.d/20auto-upgrades\r\n\r\n# Run commands\r\nruncmd:\r\n  # Update system\r\n  - apt-get update\r\n  - apt-get upgrade -y\r\n  \r\n  # Apply sysctl settings\r\n  - sysctl --system\r\n  \r\n  # Enable and configure services\r\n  - systemctl enable iscsid\r\n  - systemctl start iscsid\r\n  \r\n\r\n  \r\n  # Install K3s (delayed to ensure system is ready)\r\n  - sleep 60\r\n  - /usr/local/bin/install-k3s.sh\r\n  \r\n  # Log completion\r\n  - echo \"Cloud-init completed for k3s-masters-pve4-1 at $(date)\" \u003e\u003e /var/log/cloud-init-custom.log\r\n\r\n# Final message\r\nfinal_message: |\r\n  K3s node k3s-masters-pve4-1 (masters) is ready!\r\n  Environment: prod\r\n  VM Type: masters\r\n  Primary: false\r\n  \r\n  System information:\r\n  - OS: Ubuntu 22.04 LTS\r\n  - K3s: Latest stable\r\n  - Hostname: k3s-masters-pve4-1\r\n  \r\n  The system is ready for K3s cluster operations.\r\n\r\n# Reboot after cloud-init completion\r\npower_state:\r\n  mode: reboot\r\n  delay: now\r\n  condition: true",
            "content_base64": null,
            "content_base64sha256": "fFvAGMexWURP9P3P8LEoX9fOIpaXlTkkyUqOs3suQXY=",
            "content_base64sha512": "HIXmwjyEaBihclrCLRCYaQC+kw2zoNVCBx53/q8x+ToCpKb3PMpZiG9ikDHzt2OpR4YimhGRuym2bvYkXoeS+w==",
            "content_md5": "774a39957e38e7a080ef415dea5f686d",
            "content_sha1": "d7053ad437b44a5d4f60932707c55147d80c8ff0",
            "content_sha256": "7c5bc018c7b159444ff4fdcff0b1285fd7ce229697953924c94a8eb37b2e4176",
            "content_sha512": "1c85e6c23c846818a1725ac22d10986900be930db3a0d542071e77feaf31f93a02a4a6f73cca59886f629031f3b763a94786229a1191bb29b66ef6245e8792fb",
            "directory_permission": "0777",
            "file_permission": "0777",
            "filename": "../../modules/vm-template/generated/cloud-init-masters-pve4-1.yaml",
            "id": "d7053ad437b44a5d4f60932707c55147d80c8ff0",
            "sensitive_content": null,
            "source": null
          },
          "sensitive_attributes": [
            [
              {
                "type": "get_attr",
                "value": "content"
              }
            ],
            [
              {
                "type": "get_attr",
                "value": "sensitive_content"
              }
            ]
          ],
          "identity_schema_version": 0,
          "dependencies": [
            "module.k3s_cluster_pve4.random_password.k3s_token"
          ]
        },
        {
          "index_key": "workers-pve4-1",
          "schema_version": 0,
          "attributes": {
            "content": "#cloud-config\r\n# K3s HA Cluster Cloud-Init Configuration\r\n# Hostname: k3s-workers-pve4-1\r\n# VM Type: workers\r\n# Environment: prod\r\n\r\nhostname: k3s-workers-pve4-1\r\nmanage_etc_hosts: true\r\n\r\n# User configuration\r\nusers:\r\n  - name: ubuntu\r\n    groups: [adm, cdrom, dip, plugdev, lxd, sudo]\r\n    lock_passwd: false\r\n    shell: /bin/bash\r\n    ssh_authorized_keys:\r\n      - ssh-rsa AAAAB3NzaC1yc2EAAAADAQABAAACAQDA8goFZngSeRbtWzKIdDNd+vJdjABjsRwSDrRdSg9jCHl2alXMHQTDf9O9u+adKZRsaXB4y28O5wdsCvyv23s6h3d5lIi85Xz8qeV0A/qJwrvvqzV+Bh0WK4aktaMxY1SbREKjsiuRBqRGGsuKv26rC0oa4XMdugmDmzSfiTs4iV61j/Y9HpyPVuvOeO+JC0sFXpcrrXqPQz9FyOqqtrFURai65ftCYYKjMci8zJ9MHBxAjKDQbmklTUqF4l+d1t4yTZNcy067JjfpU3SFJoOHblu24417FZNnUUhLS/V3hHxE5RZePVZM8vpVUGMHalQsI7dcxz/Tq0qIL6OCc9Z/v/pTg62Ha5Y4TXpi65hpwqOL5UBSXqOSMuGwhuKlsMwCwRQ8NSnr+175Irp0KNH8SPGtyiZ15SxBOifdIqy3qAZH/qFvlvda0a4lsVtZXjzrl7TREX6/2mwS1X///0C7vj3CnUcQ+R2mE8Fe4JkWepN1eDREXYZ3vENe/AzoBVMV3sbRi66dTD7E3vsijCflfBtj5hp977WMMWHbcXiGIF0gqRac1Dr6p7wUAZwLu1tXeGZFHQQOUwDmYllg7O9aA7lyPZ6r9CpLUFnV3a8Pfhj3wAxW5tV8dMcMystWLKo23lRyQsYwEym7TE/an4nNwe4RHBOxdihPfZawONn74w==\r\n    sudo: ALL=(ALL) NOPASSWD:ALL\r\n\r\n# System packages\r\npackages:\r\n  - curl\r\n  - wget\r\n  - git\r\n  - htop\r\n  - iotop\r\n  - iftop\r\n  - ncdu\r\n  - net-tools\r\n  - unzip\r\n  - jq\r\n  - nfs-common\r\n  - open-iscsi\r\n  - util-linux\r\n  - cryptsetup\r\n  - lvm2\r\n\r\n\r\n# System configuration\r\nwrite_files:\r\n  # K3s configuration\r\n  - path: /etc/k3s-config.yaml\r\n    content: |\r\n      cluster-init: false\r\n      server: \r\n      token: QRDY80vqKVjey82Amgn83YJq1kIXwHBW\r\n      disable:\r\n        - servicelb  # Use MetalLB instead\r\n        - traefik    # Use existing Traefik\r\n      tls-san:\r\n        - k3s-vip.cluster.local\r\n        - 10.10.100.50\r\n\r\n\r\n      node-label:\r\n        - \"node-role.kubernetes.io/worker=true\"\r\n\r\n\r\n    permissions: '0644'\r\n\r\n  # K3s installation script\r\n  - path: /usr/local/bin/install-k3s.sh\r\n    content: |\r\n      #!/bin/bash\r\n      set -euo pipefail\r\n      \r\n      echo \"Installing K3s on k3s-workers-pve4-1...\"\r\n      \r\n      # Wait for system to be ready\r\n      sleep 30\r\n      \r\n      # Install K3s\r\n      curl -sfL https://get.k3s.io | sh -s - \\\r\n        --config /etc/k3s-config.yaml \\\r\n\r\n\r\n        --server https://k3s-masters-1:6443 \\\r\n        agent \\\r\n\r\n        --write-kubeconfig-mode 644\r\n      \r\n      # Enable and start K3s\r\n      systemctl enable k3s\r\n      systemctl start k3s\r\n      \r\n      # Wait for K3s to be ready\r\n      until kubectl get nodes; do\r\n        echo \"Waiting for K3s to be ready...\"\r\n        sleep 10\r\n      done\r\n      \r\n      echo \"K3s installation completed on k3s-workers-pve4-1\"\r\n    permissions: '0755'\r\n\r\n  # System optimization for K3s\r\n  - path: /etc/sysctl.d/99-k3s.conf\r\n    content: |\r\n      # K3s system optimizations\r\n      net.bridge.bridge-nf-call-iptables = 1\r\n      net.bridge.bridge-nf-call-ip6tables = 1\r\n      net.ipv4.ip_forward = 1\r\n      vm.swappiness = 1\r\n      vm.overcommit_memory = 1\r\n      kernel.panic = 10\r\n      kernel.panic_on_oops = 1\r\n    permissions: '0644'\r\n\r\n  # Logrotate configuration for K3s\r\n  - path: /etc/logrotate.d/k3s\r\n    content: |\r\n      /var/log/k3s.log {\r\n        daily\r\n        missingok\r\n        rotate 7\r\n        compress\r\n        notifempty\r\n        create 644 root root\r\n        postrotate\r\n          systemctl reload k3s || true\r\n        endscript\r\n      }\r\n    permissions: '0644'\r\n\r\n\r\n\r\n# Boot commands\r\nbootcmd:\r\n  - echo 'APT::Periodic::Update-Package-Lists \"1\";' \u003e /etc/apt/apt.conf.d/20auto-upgrades\r\n  - echo 'APT::Periodic::Unattended-Upgrade \"1\";' \u003e\u003e /etc/apt/apt.conf.d/20auto-upgrades\r\n\r\n# Run commands\r\nruncmd:\r\n  # Update system\r\n  - apt-get update\r\n  - apt-get upgrade -y\r\n  \r\n  # Apply sysctl settings\r\n  - sysctl --system\r\n  \r\n  # Enable and configure services\r\n  - systemctl enable iscsid\r\n  - systemctl start iscsid\r\n  \r\n\r\n  \r\n  # Install K3s (delayed to ensure system is ready)\r\n  - sleep 60\r\n  - /usr/local/bin/install-k3s.sh\r\n  \r\n  # Log completion\r\n  - echo \"Cloud-init completed for k3s-workers-pve4-1 at $(date)\" \u003e\u003e /var/log/cloud-init-custom.log\r\n\r\n# Final message\r\nfinal_message: |\r\n  K3s node k3s-workers-pve4-1 (workers) is ready!\r\n  Environment: prod\r\n  VM Type: workers\r\n  Primary: false\r\n  \r\n  System information:\r\n  - OS: Ubuntu 22.04 LTS\r\n  - K3s: Latest stable\r\n  - Hostname: k3s-workers-pve4-1\r\n  \r\n  The system is ready for K3s cluster operations.\r\n\r\n# Reboot after cloud-init completion\r\npower_state:\r\n  mode: reboot\r\n  delay: now\r\n  condition: true",
            "content_base64": null,
            "content_base64sha256": "4/xGqEnXc9GviComVrx2IElrZQ5KW3wi3ZCdcfS2AeA=",
            "content_base64sha512": "JBKfv2UFvj96Jktd8uTUur4wv4kDmf00M9LoSprO1PpFoXit2/GhKnM1sCBMRtM6hUr5H+8tcf/xJo29JX96zA==",
            "content_md5": "ff672040e52950d10a879e099eeff153",
            "content_sha1": "505ebcf1f203dd7963e8ec84e093abbf321c1782",
            "content_sha256": "e3fc46a849d773d1af882a2656bc7620496b650e4a5b7c22dd909d71f4b601e0",
            "content_sha512": "24129fbf6505be3f7a264b5df2e4d4babe30bf890399fd3433d2e84a9aced4fa45a178addbf1a12a7335b0204c46d33a854af91fef2d71fff1268dbd257f7acc",
            "directory_permission": "0777",
            "file_permission": "0777",
            "filename": "../../modules/vm-template/generated/cloud-init-workers-pve4-1.yaml",
            "id": "505ebcf1f203dd7963e8ec84e093abbf321c1782",
            "sensitive_content": null,
            "source": null
          },
          "sensitive_attributes": [
            [
              {
                "type": "get_attr",
                "value": "content"
              }
            ],
            [
              {
                "type": "get_attr",
                "value": "sensitive_content"
              }
            ]
          ],
          "identity_schema_version": 0,
          "dependencies": [
            "module.k3s_cluster_pve4.random_password.k3s_token"
          ]
        },
        {
          "index_key": "workers-pve4-2",
          "schema_version": 0,
          "attributes": {
            "content": "#cloud-config\r\n# K3s HA Cluster Cloud-Init Configuration\r\n# Hostname: k3s-workers-pve4-2\r\n# VM Type: workers\r\n# Environment: prod\r\n\r\nhostname: k3s-workers-pve4-2\r\nmanage_etc_hosts: true\r\n\r\n# User configuration\r\nusers:\r\n  - name: ubuntu\r\n    groups: [adm, cdrom, dip, plugdev, lxd, sudo]\r\n    lock_passwd: false\r\n    shell: /bin/bash\r\n    ssh_authorized_keys:\r\n      - ssh-rsa AAAAB3NzaC1yc2EAAAADAQABAAACAQDA8goFZngSeRbtWzKIdDNd+vJdjABjsRwSDrRdSg9jCHl2alXMHQTDf9O9u+adKZRsaXB4y28O5wdsCvyv23s6h3d5lIi85Xz8qeV0A/qJwrvvqzV+Bh0WK4aktaMxY1SbREKjsiuRBqRGGsuKv26rC0oa4XMdugmDmzSfiTs4iV61j/Y9HpyPVuvOeO+JC0sFXpcrrXqPQz9FyOqqtrFURai65ftCYYKjMci8zJ9MHBxAjKDQbmklTUqF4l+d1t4yTZNcy067JjfpU3SFJoOHblu24417FZNnUUhLS/V3hHxE5RZePVZM8vpVUGMHalQsI7dcxz/Tq0qIL6OCc9Z/v/pTg62Ha5Y4TXpi65hpwqOL5UBSXqOSMuGwhuKlsMwCwRQ8NSnr+175Irp0KNH8SPGtyiZ15SxBOifdIqy3qAZH/qFvlvda0a4lsVtZXjzrl7TREX6/2mwS1X///0C7vj3CnUcQ+R2mE8Fe4JkWepN1eDREXYZ3vENe/AzoBVMV3sbRi66dTD7E3vsijCflfBtj5hp977WMMWHbcXiGIF0gqRac1Dr6p7wUAZwLu1tXeGZFHQQOUwDmYllg7O9aA7lyPZ6r9CpLUFnV3a8Pfhj3wAxW5tV8dMcMystWLKo23lRyQsYwEym7TE/an4nNwe4RHBOxdihPfZawONn74w==\r\n    sudo: ALL=(ALL) NOPASSWD:ALL\r\n\r\n# System packages\r\npackages:\r\n  - curl\r\n  - wget\r\n  - git\r\n  - htop\r\n  - iotop\r\n  - iftop\r\n  - ncdu\r\n  - net-tools\r\n  - unzip\r\n  - jq\r\n  - nfs-common\r\n  - open-iscsi\r\n  - util-linux\r\n  - cryptsetup\r\n  - lvm2\r\n\r\n\r\n# System configuration\r\nwrite_files:\r\n  # K3s configuration\r\n  - path: /etc/k3s-config.yaml\r\n    content: |\r\n      cluster-init: false\r\n      server: \r\n      token: QRDY80vqKVjey82Amgn83YJq1kIXwHBW\r\n      disable:\r\n        - servicelb  # Use MetalLB instead\r\n        - traefik    # Use existing Traefik\r\n      tls-san:\r\n        - k3s-vip.cluster.local\r\n        - 10.10.100.50\r\n\r\n\r\n      node-label:\r\n        - \"node-role.kubernetes.io/worker=true\"\r\n\r\n\r\n    permissions: '0644'\r\n\r\n  # K3s installation script\r\n  - path: /usr/local/bin/install-k3s.sh\r\n    content: |\r\n      #!/bin/bash\r\n      set -euo pipefail\r\n      \r\n      echo \"Installing K3s on k3s-workers-pve4-2...\"\r\n      \r\n      # Wait for system to be ready\r\n      sleep 30\r\n      \r\n      # Install K3s\r\n      curl -sfL https://get.k3s.io | sh -s - \\\r\n        --config /etc/k3s-config.yaml \\\r\n\r\n\r\n        --server https://k3s-masters-1:6443 \\\r\n        agent \\\r\n\r\n        --write-kubeconfig-mode 644\r\n      \r\n      # Enable and start K3s\r\n      systemctl enable k3s\r\n      systemctl start k3s\r\n      \r\n      # Wait for K3s to be ready\r\n      until kubectl get nodes; do\r\n        echo \"Waiting for K3s to be ready...\"\r\n        sleep 10\r\n      done\r\n      \r\n      echo \"K3s installation completed on k3s-workers-pve4-2\"\r\n    permissions: '0755'\r\n\r\n  # System optimization for K3s\r\n  - path: /etc/sysctl.d/99-k3s.conf\r\n    content: |\r\n      # K3s system optimizations\r\n      net.bridge.bridge-nf-call-iptables = 1\r\n      net.bridge.bridge-nf-call-ip6tables = 1\r\n      net.ipv4.ip_forward = 1\r\n      vm.swappiness = 1\r\n      vm.overcommit_memory = 1\r\n      kernel.panic = 10\r\n      kernel.panic_on_oops = 1\r\n    permissions: '0644'\r\n\r\n  # Logrotate configuration for K3s\r\n  - path: /etc/logrotate.d/k3s\r\n    content: |\r\n      /var/log/k3s.log {\r\n        daily\r\n        missingok\r\n        rotate 7\r\n        compress\r\n        notifempty\r\n        create 644 root root\r\n        postrotate\r\n          systemctl reload k3s || true\r\n        endscript\r\n      }\r\n    permissions: '0644'\r\n\r\n\r\n\r\n# Boot commands\r\nbootcmd:\r\n  - echo 'APT::Periodic::Update-Package-Lists \"1\";' \u003e /etc/apt/apt.conf.d/20auto-upgrades\r\n  - echo 'APT::Periodic::Unattended-Upgrade \"1\";' \u003e\u003e /etc/apt/apt.conf.d/20auto-upgrades\r\n\r\n# Run commands\r\nruncmd:\r\n  # Update system\r\n  - apt-get update\r\n  - apt-get upgrade -y\r\n  \r\n  # Apply sysctl settings\r\n  - sysctl --system\r\n  \r\n  # Enable and configure services\r\n  - systemctl enable iscsid\r\n  - systemctl start iscsid\r\n  \r\n\r\n  \r\n  # Install K3s (delayed to ensure system is ready)\r\n  - sleep 60\r\n  - /usr/local/bin/install-k3s.sh\r\n  \r\n  # Log completion\r\n  - echo \"Cloud-init completed for k3s-workers-pve4-2 at $(date)\" \u003e\u003e /var/log/cloud-init-custom.log\r\n\r\n# Final message\r\nfinal_message: |\r\n  K3s node k3s-workers-pve4-2 (workers) is ready!\r\n  Environment: prod\r\n  VM Type: workers\r\n  Primary: false\r\n  \r\n  System information:\r\n  - OS: Ubuntu 22.04 LTS\r\n  - K3s: Latest stable\r\n  - Hostname: k3s-workers-pve4-2\r\n  \r\n  The system is ready for K3s cluster operations.\r\n\r\n# Reboot after cloud-init completion\r\npower_state:\r\n  mode: reboot\r\n  delay: now\r\n  condition: true",
            "content_base64": null,
            "content_base64sha256": "5btDBHQvsuaSjoADpPHczBF45U3+ICnpm8iqmWFU1fE=",
            "content_base64sha512": "cSFvaM4aV35gF/ShnBYmg4FtrqGZVfeE7D/tR57P6D6VEzvapDBFfswImMeTfcvVHkPUE9lcyWK+CemSMpUJPA==",
            "content_md5": "6f97811f09c77f8508d2c0e9e760af49",
            "content_sha1": "30bb5bbc43f609f165b508c9f2b463e2713be21a",
            "content_sha256": "e5bb4304742fb2e6928e8003a4f1dccc1178e54dfe2029e99bc8aa996154d5f1",
            "content_sha512": "71216f68ce1a577e6017f4a19c162683816daea19955f784ec3fed479ecfe83e95133bdaa430457ecc0898c7937dcbd51e43d413d95cc962be09e9923295093c",
            "directory_permission": "0777",
            "file_permission": "0777",
            "filename": "../../modules/vm-template/generated/cloud-init-workers-pve4-2.yaml",
            "id": "30bb5bbc43f609f165b508c9f2b463e2713be21a",
            "sensitive_content": null,
            "source": null
          },
          "sensitive_attributes": [
            [
              {
                "type": "get_attr",
                "value": "content"
              }
            ],
            [
              {
                "type": "get_attr",
                "value": "sensitive_content"
              }
            ]
          ],
          "identity_schema_version": 0,
          "dependencies": [
            "module.k3s_cluster_pve4.random_password.k3s_token"
          ]
        }
      ]
    },
    {
      "module": "module.k3s_cluster_pve4",
      "mode": "managed",
      "type": "proxmox_virtual_environment_vm",
      "name": "k3s_vms",
      "provider": "provider[\"registry.terraform.io/bpg/proxmox\"].pve4",
      "instances": [
        {
          "index_key": "gpu-workers-pve4-1",
          "schema_version": 0,
          "attributes": {
            "acpi": true,
            "agent": [],
            "audio_device": [],
            "bios": "seabios",
            "boot_order": null,
            "cdrom": [],
            "clone": [
              {
                "datastore_id": "",
                "full": true,
                "node_name": "",
                "retries": 1,
                "vm_id": 9002
              }
            ],
            "cpu": [
              {
                "affinity": "",
                "architecture": "",
                "cores": 8,
                "flags": null,
                "hotplugged": 0,
                "limit": 0,
                "numa": false,
                "sockets": 1,
                "type": "kvm64",
                "units": 1024
              }
            ],
            "description": "K3s gpu-workers node - prod environment",
            "disk": [],
            "efi_disk": [],
            "hook_script_file_id": null,
            "hostpci": [],
            "id": "700",
            "initialization": [
              {
                "datastore_id": "local-lvm",
                "dns": [
                  {
                    "domain": "cluster.local",
                    "server": "",
                    "servers": [
                      "8.8.8.8",
                      "8.8.4.4"
                    ]
                  }
                ],
                "interface": "ide0",
                "ip_config": [
                  {
                    "ipv4": [
                      {
                        "address": "dhcp",
                        "gateway": ""
                      }
                    ],
                    "ipv6": []
                  }
                ],
                "meta_data_file_id": "",
                "network_data_file_id": "",
                "type": "",
                "upgrade": false,
                "user_account": [
                  {
                    "keys": [
                      "ssh-rsa AAAAB3NzaC1yc2EAAAADAQABAAACAQDA8goFZngSeRbtWzKIdDNd+vJdjABjsRwSDrRdSg9jCHl2alXMHQTDf9O9u+adKZRsaXB4y28O5wdsCvyv23s6h3d5lIi85Xz8qeV0A/qJwrvvqzV+Bh0WK4aktaMxY1SbREKjsiuRBqRGGsuKv26rC0oa4XMdugmDmzSfiTs4iV61j/Y9HpyPVuvOeO+JC0sFXpcrrXqPQz9FyOqqtrFURai65ftCYYKjMci8zJ9MHBxAjKDQbmklTUqF4l+d1t4yTZNcy067JjfpU3SFJoOHblu24417FZNnUUhLS/V3hHxE5RZePVZM8vpVUGMHalQsI7dcxz/Tq0qIL6OCc9Z/v/pTg62Ha5Y4TXpi65hpwqOL5UBSXqOSMuGwhuKlsMwCwRQ8NSnr+175Irp0KNH8SPGtyiZ15SxBOifdIqy3qAZH/qFvlvda0a4lsVtZXjzrl7TREX6/2mwS1X///0C7vj3CnUcQ+R2mE8Fe4JkWepN1eDREXYZ3vENe/AzoBVMV3sbRi66dTD7E3vsijCflfBtj5hp977WMMWHbcXiGIF0gqRac1Dr6p7wUAZwLu1tXeGZFHQQOUwDmYllg7O9aA7lyPZ6r9CpLUFnV3a8Pfhj3wAxW5tV8dMcMystWLKo23lRyQsYwEym7TE/an4nNwe4RHBOxdihPfZawONn74w=="
                    ],
                    "password": "",
                    "username": "ubuntu"
                  }
                ],
                "user_data_file_id": "",
                "vendor_data_file_id": ""
              }
            ],
            "ipv4_addresses": [
              [
                "127.0.0.1"
              ],
              [
                "192.168.11.17"
              ]
            ],
            "ipv6_addresses": [
              [
                "::1"
              ],
              [
                "fe80::be24:11ff:fede:da57"
              ]
            ],
            "keyboard_layout": "en-us",
            "kvm_arguments": null,
            "mac_addresses": [
              "00:00:00:00:00:00",
              "BC:24:11:DE:DA:57"
            ],
            "machine": null,
            "memory": [
              {
                "dedicated": 16384,
                "floating": 16384,
                "hugepages": "",
                "keep_hugepages": false,
                "shared": 0
              }
            ],
            "migrate": false,
            "name": "k3s-gpu-workers-pve4-1",
            "network_device": [
              {
                "bridge": "vmbr0",
                "disconnected": false,
                "enabled": true,
                "firewall": false,
                "mac_address": "BC:24:11:DE:DA:57",
                "model": "virtio",
                "mtu": 0,
                "queues": 0,
                "rate_limit": 0,
                "trunks": "",
                "vlan_id": 11
              }
            ],
            "network_interface_names": [
              "lo",
              "eth0"
            ],
            "node_name": "pve4",
            "numa": [],
            "on_boot": true,
            "operating_system": [],
            "pool_id": null,
            "protection": false,
            "reboot": false,
            "scsi_hardware": "virtio-scsi-pci",
            "serial_device": [],
            "smbios": [],
            "started": true,
            "startup": [],
            "stop_on_destroy": false,
            "tablet_device": true,
            "tags": [
              "cluster-k3s-ha",
              "environment-prod",
              "managedby-terraform",
              "project-homelab"
            ],
            "template": false,
            "timeout_clone": 1800,
            "timeout_create": 1800,
            "timeout_migrate": 1800,
            "timeout_move_disk": 1800,
            "timeout_reboot": 1800,
            "timeout_shutdown_vm": 1800,
            "timeout_start_vm": 1800,
            "timeout_stop_vm": 300,
            "tpm_state": [],
            "usb": [],
            "vga": [
              {
                "clipboard": "",
                "memory": 0,
                "type": ""
              }
            ],
            "vm_id": 700,
            "watchdog": []
          },
          "sensitive_attributes": [
            [
              {
                "type": "get_attr",
                "value": "initialization"
              },
              {
                "type": "index",
                "value": {
                  "value": 0,
                  "type": "number"
                }
              },
              {
                "type": "get_attr",
                "value": "user_account"
              },
              {
                "type": "index",
                "value": {
                  "value": 0,
                  "type": "number"
                }
              },
              {
                "type": "get_attr",
                "value": "password"
              }
            ]
          ],
          "identity_schema_version": 0,
          "private": "bnVsbA==",
          "dependencies": [
            "module.k3s_cluster_pve4.data.proxmox_virtual_environment_vms.all_templates"
          ],
          "create_before_destroy": true
        },
        {
          "index_key": "masters-pve4-1",
          "schema_version": 0,
          "attributes": {
            "acpi": true,
            "agent": [],
            "audio_device": [],
            "bios": "seabios",
            "boot_order": null,
            "cdrom": [],
            "clone": [
              {
                "datastore_id": "",
                "full": true,
                "node_name": "",
                "retries": 1,
                "vm_id": 9002
              }
            ],
            "cpu": [
              {
                "affinity": "",
                "architecture": "",
                "cores": 4,
                "flags": null,
                "hotplugged": 0,
                "limit": 0,
                "numa": false,
                "sockets": 1,
                "type": "kvm64",
                "units": 1024
              }
            ],
            "description": "K3s masters node - prod environment",
            "disk": [],
            "efi_disk": [],
            "hook_script_file_id": null,
            "hostpci": [],
            "id": "500",
            "initialization": [
              {
                "datastore_id": "local-lvm",
                "dns": [
                  {
                    "domain": "cluster.local",
                    "server": "",
                    "servers": [
                      "8.8.8.8",
                      "8.8.4.4"
                    ]
                  }
                ],
                "interface": "ide0",
                "ip_config": [
                  {
                    "ipv4": [
                      {
                        "address": "dhcp",
                        "gateway": ""
                      }
                    ],
                    "ipv6": []
                  }
                ],
                "meta_data_file_id": "",
                "network_data_file_id": "",
                "type": "",
                "upgrade": false,
                "user_account": [
                  {
                    "keys": [
                      "ssh-rsa AAAAB3NzaC1yc2EAAAADAQABAAACAQDA8goFZngSeRbtWzKIdDNd+vJdjABjsRwSDrRdSg9jCHl2alXMHQTDf9O9u+adKZRsaXB4y28O5wdsCvyv23s6h3d5lIi85Xz8qeV0A/qJwrvvqzV+Bh0WK4aktaMxY1SbREKjsiuRBqRGGsuKv26rC0oa4XMdugmDmzSfiTs4iV61j/Y9HpyPVuvOeO+JC0sFXpcrrXqPQz9FyOqqtrFURai65ftCYYKjMci8zJ9MHBxAjKDQbmklTUqF4l+d1t4yTZNcy067JjfpU3SFJoOHblu24417FZNnUUhLS/V3hHxE5RZePVZM8vpVUGMHalQsI7dcxz/Tq0qIL6OCc9Z/v/pTg62Ha5Y4TXpi65hpwqOL5UBSXqOSMuGwhuKlsMwCwRQ8NSnr+175Irp0KNH8SPGtyiZ15SxBOifdIqy3qAZH/qFvlvda0a4lsVtZXjzrl7TREX6/2mwS1X///0C7vj3CnUcQ+R2mE8Fe4JkWepN1eDREXYZ3vENe/AzoBVMV3sbRi66dTD7E3vsijCflfBtj5hp977WMMWHbcXiGIF0gqRac1Dr6p7wUAZwLu1tXeGZFHQQOUwDmYllg7O9aA7lyPZ6r9CpLUFnV3a8Pfhj3wAxW5tV8dMcMystWLKo23lRyQsYwEym7TE/an4nNwe4RHBOxdihPfZawONn74w=="
                    ],
                    "password": "",
                    "username": "ubuntu"
                  }
                ],
                "user_data_file_id": "",
                "vendor_data_file_id": ""
              }
            ],
            "ipv4_addresses": [
              [
                "127.0.0.1"
              ],
              [
                "192.168.11.77"
              ]
            ],
            "ipv6_addresses": [
              [
                "::1"
              ],
              [
                "fe80::be24:11ff:fe31:7d84"
              ]
            ],
            "keyboard_layout": "en-us",
            "kvm_arguments": null,
            "mac_addresses": [
              "00:00:00:00:00:00",
              "BC:24:11:31:7D:84"
            ],
            "machine": null,
            "memory": [
              {
                "dedicated": 4096,
                "floating": 4096,
                "hugepages": "",
                "keep_hugepages": false,
                "shared": 0
              }
            ],
            "migrate": false,
            "name": "k3s-masters-pve4-1",
            "network_device": [
              {
                "bridge": "vmbr0",
                "disconnected": false,
                "enabled": true,
                "firewall": false,
                "mac_address": "BC:24:11:31:7D:84",
                "model": "virtio",
                "mtu": 0,
                "queues": 0,
                "rate_limit": 0,
                "trunks": "",
                "vlan_id": 11
              }
            ],
            "network_interface_names": [
              "lo",
              "eth0"
            ],
            "node_name": "pve4",
            "numa": [],
            "on_boot": true,
            "operating_system": [],
            "pool_id": null,
            "protection": false,
            "reboot": false,
            "scsi_hardware": "virtio-scsi-pci",
            "serial_device": [],
            "smbios": [],
            "started": true,
            "startup": [],
            "stop_on_destroy": false,
            "tablet_device": true,
            "tags": [
              "cluster-k3s-ha",
              "environment-prod",
              "managedby-terraform",
              "project-homelab"
            ],
            "template": false,
            "timeout_clone": 1800,
            "timeout_create": 1800,
            "timeout_migrate": 1800,
            "timeout_move_disk": 1800,
            "timeout_reboot": 1800,
            "timeout_shutdown_vm": 1800,
            "timeout_start_vm": 1800,
            "timeout_stop_vm": 300,
            "tpm_state": [],
            "usb": [],
            "vga": [
              {
                "clipboard": "",
                "memory": 0,
                "type": ""
              }
            ],
            "vm_id": 500,
            "watchdog": []
          },
          "sensitive_attributes": [
            [
              {
                "type": "get_attr",
                "value": "initialization"
              },
              {
                "type": "index",
                "value": {
                  "value": 0,
                  "type": "number"
                }
              },
              {
                "type": "get_attr",
                "value": "user_account"
              },
              {
                "type": "index",
                "value": {
                  "value": 0,
                  "type": "number"
                }
              },
              {
                "type": "get_attr",
                "value": "password"
              }
            ]
          ],
          "identity_schema_version": 0,
          "private": "bnVsbA==",
          "dependencies": [
            "module.k3s_cluster_pve4.data.proxmox_virtual_environment_vms.all_templates"
          ],
          "create_before_destroy": true
        },
        {
          "index_key": "workers-pve4-1",
          "schema_version": 0,
          "attributes": {
            "acpi": true,
            "agent": [],
            "audio_device": [],
            "bios": "seabios",
            "boot_order": null,
            "cdrom": [],
            "clone": [
              {
                "datastore_id": "",
                "full": true,
                "node_name": "",
                "retries": 1,
                "vm_id": 9002
              }
            ],
            "cpu": [
              {
                "affinity": "",
                "architecture": "",
                "cores": 4,
                "flags": null,
                "hotplugged": 0,
                "limit": 0,
                "numa": false,
                "sockets": 1,
                "type": "kvm64",
                "units": 1024
              }
            ],
            "description": "K3s workers node - prod environment",
            "disk": [],
            "efi_disk": [],
            "hook_script_file_id": null,
            "hostpci": [],
            "id": "600",
            "initialization": [
              {
                "datastore_id": "local-lvm",
                "dns": [
                  {
                    "domain": "cluster.local",
                    "server": "",
                    "servers": [
                      "8.8.8.8",
                      "8.8.4.4"
                    ]
                  }
                ],
                "interface": "ide0",
                "ip_config": [
                  {
                    "ipv4": [
                      {
                        "address": "dhcp",
                        "gateway": ""
                      }
                    ],
                    "ipv6": []
                  }
                ],
                "meta_data_file_id": "",
                "network_data_file_id": "",
                "type": "",
                "upgrade": false,
                "user_account": [
                  {
                    "keys": [
                      "ssh-rsa AAAAB3NzaC1yc2EAAAADAQABAAACAQDA8goFZngSeRbtWzKIdDNd+vJdjABjsRwSDrRdSg9jCHl2alXMHQTDf9O9u+adKZRsaXB4y28O5wdsCvyv23s6h3d5lIi85Xz8qeV0A/qJwrvvqzV+Bh0WK4aktaMxY1SbREKjsiuRBqRGGsuKv26rC0oa4XMdugmDmzSfiTs4iV61j/Y9HpyPVuvOeO+JC0sFXpcrrXqPQz9FyOqqtrFURai65ftCYYKjMci8zJ9MHBxAjKDQbmklTUqF4l+d1t4yTZNcy067JjfpU3SFJoOHblu24417FZNnUUhLS/V3hHxE5RZePVZM8vpVUGMHalQsI7dcxz/Tq0qIL6OCc9Z/v/pTg62Ha5Y4TXpi65hpwqOL5UBSXqOSMuGwhuKlsMwCwRQ8NSnr+175Irp0KNH8SPGtyiZ15SxBOifdIqy3qAZH/qFvlvda0a4lsVtZXjzrl7TREX6/2mwS1X///0C7vj3CnUcQ+R2mE8Fe4JkWepN1eDREXYZ3vENe/AzoBVMV3sbRi66dTD7E3vsijCflfBtj5hp977WMMWHbcXiGIF0gqRac1Dr6p7wUAZwLu1tXeGZFHQQOUwDmYllg7O9aA7lyPZ6r9CpLUFnV3a8Pfhj3wAxW5tV8dMcMystWLKo23lRyQsYwEym7TE/an4nNwe4RHBOxdihPfZawONn74w=="
                    ],
                    "password": "",
                    "username": "ubuntu"
                  }
                ],
                "user_data_file_id": "",
                "vendor_data_file_id": ""
              }
            ],
            "ipv4_addresses": [
              [
                "127.0.0.1"
              ],
              [
                "192.168.11.23"
              ]
            ],
            "ipv6_addresses": [
              [
                "::1"
              ],
              [
                "fe80::be24:11ff:fe3d:5de4"
              ]
            ],
            "keyboard_layout": "en-us",
            "kvm_arguments": null,
            "mac_addresses": [
              "00:00:00:00:00:00",
              "BC:24:11:3D:5D:E4"
            ],
            "machine": null,
            "memory": [
              {
                "dedicated": 8192,
                "floating": 8192,
                "hugepages": "",
                "keep_hugepages": false,
                "shared": 0
              }
            ],
            "migrate": false,
            "name": "k3s-workers-pve4-1",
            "network_device": [
              {
                "bridge": "vmbr0",
                "disconnected": false,
                "enabled": true,
                "firewall": false,
                "mac_address": "BC:24:11:3D:5D:E4",
                "model": "virtio",
                "mtu": 0,
                "queues": 0,
                "rate_limit": 0,
                "trunks": "",
                "vlan_id": 11
              }
            ],
            "network_interface_names": [
              "lo",
              "eth0"
            ],
            "node_name": "pve4",
            "numa": [],
            "on_boot": true,
            "operating_system": [],
            "pool_id": null,
            "protection": false,
            "reboot": false,
            "scsi_hardware": "virtio-scsi-pci",
            "serial_device": [],
            "smbios": [],
            "started": true,
            "startup": [],
            "stop_on_destroy": false,
            "tablet_device": true,
            "tags": [
              "cluster-k3s-ha",
              "environment-prod",
              "managedby-terraform",
              "project-homelab"
            ],
            "template": false,
            "timeout_clone": 1800,
            "timeout_create": 1800,
            "timeout_migrate": 1800,
            "timeout_move_disk": 1800,
            "timeout_reboot": 1800,
            "timeout_shutdown_vm": 1800,
            "timeout_start_vm": 1800,
            "timeout_stop_vm": 300,
            "tpm_state": [],
            "usb": [],
            "vga": [
              {
                "clipboard": "",
                "memory": 0,
                "type": ""
              }
            ],
            "vm_id": 600,
            "watchdog": []
          },
          "sensitive_attributes": [
            [
              {
                "type": "get_attr",
                "value": "initialization"
              },
              {
                "type": "index",
                "value": {
                  "value": 0,
                  "type": "number"
                }
              },
              {
                "type": "get_attr",
                "value": "user_account"
              },
              {
                "type": "index",
                "value": {
                  "value": 0,
                  "type": "number"
                }
              },
              {
                "type": "get_attr",
                "value": "password"
              }
            ]
          ],
          "identity_schema_version": 0,
          "private": "bnVsbA==",
          "dependencies": [
            "module.k3s_cluster_pve4.data.proxmox_virtual_environment_vms.all_templates"
          ],
          "create_before_destroy": true
        },
        {
          "index_key": "workers-pve4-2",
          "schema_version": 0,
          "attributes": {
            "acpi": true,
            "agent": [],
            "audio_device": [],
            "bios": "seabios",
            "boot_order": null,
            "cdrom": [],
            "clone": [
              {
                "datastore_id": "",
                "full": true,
                "node_name": "",
                "retries": 1,
                "vm_id": 9002
              }
            ],
            "cpu": [
              {
                "affinity": "",
                "architecture": "",
                "cores": 4,
                "flags": null,
                "hotplugged": 0,
                "limit": 0,
                "numa": false,
                "sockets": 1,
                "type": "kvm64",
                "units": 1024
              }
            ],
            "description": "K3s workers node - prod environment",
            "disk": [],
            "efi_disk": [],
            "hook_script_file_id": null,
            "hostpci": [],
            "id": "601",
            "initialization": [
              {
                "datastore_id": "local-lvm",
                "dns": [
                  {
                    "domain": "cluster.local",
                    "server": "",
                    "servers": [
                      "8.8.8.8",
                      "8.8.4.4"
                    ]
                  }
                ],
                "interface": "ide0",
                "ip_config": [
                  {
                    "ipv4": [
                      {
                        "address": "dhcp",
                        "gateway": ""
                      }
                    ],
                    "ipv6": []
                  }
                ],
                "meta_data_file_id": "",
                "network_data_file_id": "",
                "type": "",
                "upgrade": false,
                "user_account": [
                  {
                    "keys": [
                      "ssh-rsa AAAAB3NzaC1yc2EAAAADAQABAAACAQDA8goFZngSeRbtWzKIdDNd+vJdjABjsRwSDrRdSg9jCHl2alXMHQTDf9O9u+adKZRsaXB4y28O5wdsCvyv23s6h3d5lIi85Xz8qeV0A/qJwrvvqzV+Bh0WK4aktaMxY1SbREKjsiuRBqRGGsuKv26rC0oa4XMdugmDmzSfiTs4iV61j/Y9HpyPVuvOeO+JC0sFXpcrrXqPQz9FyOqqtrFURai65ftCYYKjMci8zJ9MHBxAjKDQbmklTUqF4l+d1t4yTZNcy067JjfpU3SFJoOHblu24417FZNnUUhLS/V3hHxE5RZePVZM8vpVUGMHalQsI7dcxz/Tq0qIL6OCc9Z/v/pTg62Ha5Y4TXpi65hpwqOL5UBSXqOSMuGwhuKlsMwCwRQ8NSnr+175Irp0KNH8SPGtyiZ15SxBOifdIqy3qAZH/qFvlvda0a4lsVtZXjzrl7TREX6/2mwS1X///0C7vj3CnUcQ+R2mE8Fe4JkWepN1eDREXYZ3vENe/AzoBVMV3sbRi66dTD7E3vsijCflfBtj5hp977WMMWHbcXiGIF0gqRac1Dr6p7wUAZwLu1tXeGZFHQQOUwDmYllg7O9aA7lyPZ6r9CpLUFnV3a8Pfhj3wAxW5tV8dMcMystWLKo23lRyQsYwEym7TE/an4nNwe4RHBOxdihPfZawONn74w=="
                    ],
                    "password": "",
                    "username": "ubuntu"
                  }
                ],
                "user_data_file_id": "",
                "vendor_data_file_id": ""
              }
            ],
            "ipv4_addresses": [
              [
                "127.0.0.1"
              ],
              [
                "192.168.11.19"
              ]
            ],
            "ipv6_addresses": [
              [
                "::1"
              ],
              [
                "fe80::be24:11ff:fe4c:14b3"
              ]
            ],
            "keyboard_layout": "en-us",
            "kvm_arguments": null,
            "mac_addresses": [
              "00:00:00:00:00:00",
              "BC:24:11:4C:14:B3"
            ],
            "machine": null,
            "memory": [
              {
                "dedicated": 8192,
                "floating": 8192,
                "hugepages": "",
                "keep_hugepages": false,
                "shared": 0
              }
            ],
            "migrate": false,
            "name": "k3s-workers-pve4-2",
            "network_device": [
              {
                "bridge": "vmbr0",
                "disconnected": false,
                "enabled": true,
                "firewall": false,
                "mac_address": "BC:24:11:4C:14:B3",
                "model": "virtio",
                "mtu": 0,
                "queues": 0,
                "rate_limit": 0,
                "trunks": "",
                "vlan_id": 11
              }
            ],
            "network_interface_names": [
              "lo",
              "eth0"
            ],
            "node_name": "pve4",
            "numa": [],
            "on_boot": true,
            "operating_system": [],
            "pool_id": null,
            "protection": false,
            "reboot": false,
            "scsi_hardware": "virtio-scsi-pci",
            "serial_device": [],
            "smbios": [],
            "started": true,
            "startup": [],
            "stop_on_destroy": false,
            "tablet_device": true,
            "tags": [
              "cluster-k3s-ha",
              "environment-prod",
              "managedby-terraform",
              "project-homelab"
            ],
            "template": false,
            "timeout_clone": 1800,
            "timeout_create": 1800,
            "timeout_migrate": 1800,
            "timeout_move_disk": 1800,
            "timeout_reboot": 1800,
            "timeout_shutdown_vm": 1800,
            "timeout_start_vm": 1800,
            "timeout_stop_vm": 300,
            "tpm_state": [],
            "usb": [],
            "vga": [
              {
                "clipboard": "",
                "memory": 0,
                "type": ""
              }
            ],
            "vm_id": 601,
            "watchdog": []
          },
          "sensitive_attributes": [
            [
              {
                "type": "get_attr",
                "value": "initialization"
              },
              {
                "type": "index",
                "value": {
                  "value": 0,
                  "type": "number"
                }
              },
              {
                "type": "get_attr",
                "value": "user_account"
              },
              {
                "type": "index",
                "value": {
                  "value": 0,
                  "type": "number"
                }
              },
              {
                "type": "get_attr",
                "value": "password"
              }
            ]
          ],
          "identity_schema_version": 0,
          "private": "bnVsbA==",
          "dependencies": [
            "module.k3s_cluster_pve4.data.proxmox_virtual_environment_vms.all_templates"
          ],
          "create_before_destroy": true
        }
      ]
    },
    {
      "module": "module.k3s_cluster_pve4",
      "mode": "managed",
      "type": "random_password",
      "name": "k3s_token",
      "provider": "provider[\"registry.terraform.io/hashicorp/random\"]",
      "instances": [
        {
          "schema_version": 3,
          "attributes": {
            "bcrypt_hash": "$2a$10$NsleRsOYLpfQydzTBKpfCuE62gAu32guivmLery3WRxqw5etxDvse",
            "id": "none",
            "keepers": null,
            "length": 32,
            "lower": true,
            "min_lower": 0,
            "min_numeric": 0,
            "min_special": 0,
            "min_upper": 0,
            "number": true,
            "numeric": true,
            "override_special": null,
            "result": "QRDY80vqKVjey82Amgn83YJq1kIXwHBW",
            "special": false,
            "upper": true
          },
          "sensitive_attributes": [
            [
              {
                "type": "get_attr",
                "value": "bcrypt_hash"
              }
            ],
            [
              {
                "type": "get_attr",
                "value": "result"
              }
            ]
          ],
          "identity_schema_version": 0
        }
      ]
    },
    {
      "module": "module.k3s_cluster_pve_nas_01",
      "mode": "managed",
      "type": "local_file",
      "name": "cloud_init_configs",
      "provider": "provider[\"registry.terraform.io/hashicorp/local\"]",
      "instances": [
        {
          "index_key": "gpu-workers-pve-nas-01-1",
          "schema_version": 0,
          "attributes": {
            "content": "#cloud-config\r\n# K3s HA Cluster Cloud-Init Configuration\r\n# Hostname: k3s-gpu-workers-pve-nas-01-1\r\n# VM Type: gpu-workers\r\n# Environment: prod\r\n\r\nhostname: k3s-gpu-workers-pve-nas-01-1\r\nmanage_etc_hosts: true\r\n\r\n# User configuration\r\nusers:\r\n  - name: ubuntu\r\n    groups: [adm, cdrom, dip, plugdev, lxd, sudo]\r\n    lock_passwd: false\r\n    shell: /bin/bash\r\n    ssh_authorized_keys:\r\n      - ssh-rsa AAAAB3NzaC1yc2EAAAADAQABAAACAQDA8goFZngSeRbtWzKIdDNd+vJdjABjsRwSDrRdSg9jCHl2alXMHQTDf9O9u+adKZRsaXB4y28O5wdsCvyv23s6h3d5lIi85Xz8qeV0A/qJwrvvqzV+Bh0WK4aktaMxY1SbREKjsiuRBqRGGsuKv26rC0oa4XMdugmDmzSfiTs4iV61j/Y9HpyPVuvOeO+JC0sFXpcrrXqPQz9FyOqqtrFURai65ftCYYKjMci8zJ9MHBxAjKDQbmklTUqF4l+d1t4yTZNcy067JjfpU3SFJoOHblu24417FZNnUUhLS/V3hHxE5RZePVZM8vpVUGMHalQsI7dcxz/Tq0qIL6OCc9Z/v/pTg62Ha5Y4TXpi65hpwqOL5UBSXqOSMuGwhuKlsMwCwRQ8NSnr+175Irp0KNH8SPGtyiZ15SxBOifdIqy3qAZH/qFvlvda0a4lsVtZXjzrl7TREX6/2mwS1X///0C7vj3CnUcQ+R2mE8Fe4JkWepN1eDREXYZ3vENe/AzoBVMV3sbRi66dTD7E3vsijCflfBtj5hp977WMMWHbcXiGIF0gqRac1Dr6p7wUAZwLu1tXeGZFHQQOUwDmYllg7O9aA7lyPZ6r9CpLUFnV3a8Pfhj3wAxW5tV8dMcMystWLKo23lRyQsYwEym7TE/an4nNwe4RHBOxdihPfZawONn74w==\r\n    sudo: ALL=(ALL) NOPASSWD:ALL\r\n\r\n# System packages\r\npackages:\r\n  - curl\r\n  - wget\r\n  - git\r\n  - htop\r\n  - iotop\r\n  - iftop\r\n  - ncdu\r\n  - net-tools\r\n  - unzip\r\n  - jq\r\n  - nfs-common\r\n  - open-iscsi\r\n  - util-linux\r\n  - cryptsetup\r\n  - lvm2\r\n\r\n\r\n# System configuration\r\nwrite_files:\r\n  # K3s configuration\r\n  - path: /etc/k3s-config.yaml\r\n    content: |\r\n      cluster-init: false\r\n      server: \r\n      token: 7r6Cx55BVUd9bXxnbdjxQvXFl8wS03Bs\r\n      disable:\r\n        - servicelb  # Use MetalLB instead\r\n        - traefik    # Use existing Traefik\r\n      tls-san:\r\n        - k3s-vip.cluster.local\r\n        - 10.10.100.50\r\n\r\n\r\n\r\n    permissions: '0644'\r\n\r\n  # K3s installation script\r\n  - path: /usr/local/bin/install-k3s.sh\r\n    content: |\r\n      #!/bin/bash\r\n      set -euo pipefail\r\n      \r\n      echo \"Installing K3s on k3s-gpu-workers-pve-nas-01-1...\"\r\n      \r\n      # Wait for system to be ready\r\n      sleep 30\r\n      \r\n      # Install K3s\r\n      curl -sfL https://get.k3s.io | sh -s - \\\r\n        --config /etc/k3s-config.yaml \\\r\n\r\n\r\n        --write-kubeconfig-mode 644\r\n      \r\n      # Enable and start K3s\r\n      systemctl enable k3s\r\n      systemctl start k3s\r\n      \r\n      # Wait for K3s to be ready\r\n      until kubectl get nodes; do\r\n        echo \"Waiting for K3s to be ready...\"\r\n        sleep 10\r\n      done\r\n      \r\n      echo \"K3s installation completed on k3s-gpu-workers-pve-nas-01-1\"\r\n    permissions: '0755'\r\n\r\n  # System optimization for K3s\r\n  - path: /etc/sysctl.d/99-k3s.conf\r\n    content: |\r\n      # K3s system optimizations\r\n      net.bridge.bridge-nf-call-iptables = 1\r\n      net.bridge.bridge-nf-call-ip6tables = 1\r\n      net.ipv4.ip_forward = 1\r\n      vm.swappiness = 1\r\n      vm.overcommit_memory = 1\r\n      kernel.panic = 10\r\n      kernel.panic_on_oops = 1\r\n    permissions: '0644'\r\n\r\n  # Logrotate configuration for K3s\r\n  - path: /etc/logrotate.d/k3s\r\n    content: |\r\n      /var/log/k3s.log {\r\n        daily\r\n        missingok\r\n        rotate 7\r\n        compress\r\n        notifempty\r\n        create 644 root root\r\n        postrotate\r\n          systemctl reload k3s || true\r\n        endscript\r\n      }\r\n    permissions: '0644'\r\n\r\n\r\n\r\n# Boot commands\r\nbootcmd:\r\n  - echo 'APT::Periodic::Update-Package-Lists \"1\";' \u003e /etc/apt/apt.conf.d/20auto-upgrades\r\n  - echo 'APT::Periodic::Unattended-Upgrade \"1\";' \u003e\u003e /etc/apt/apt.conf.d/20auto-upgrades\r\n\r\n# Run commands\r\nruncmd:\r\n  # Update system\r\n  - apt-get update\r\n  - apt-get upgrade -y\r\n  \r\n  # Apply sysctl settings\r\n  - sysctl --system\r\n  \r\n  # Enable and configure services\r\n  - systemctl enable iscsid\r\n  - systemctl start iscsid\r\n  \r\n\r\n  \r\n  # Install K3s (delayed to ensure system is ready)\r\n  - sleep 60\r\n  - /usr/local/bin/install-k3s.sh\r\n  \r\n  # Log completion\r\n  - echo \"Cloud-init completed for k3s-gpu-workers-pve-nas-01-1 at $(date)\" \u003e\u003e /var/log/cloud-init-custom.log\r\n\r\n# Final message\r\nfinal_message: |\r\n  K3s node k3s-gpu-workers-pve-nas-01-1 (gpu-workers) is ready!\r\n  Environment: prod\r\n  VM Type: gpu-workers\r\n  Primary: false\r\n  \r\n  System information:\r\n  - OS: Ubuntu 22.04 LTS\r\n  - K3s: Latest stable\r\n  - Hostname: k3s-gpu-workers-pve-nas-01-1\r\n  \r\n  The system is ready for K3s cluster operations.\r\n\r\n# Reboot after cloud-init completion\r\npower_state:\r\n  mode: reboot\r\n  delay: now\r\n  condition: true",
            "content_base64": null,
            "content_base64sha256": "cyG8IviSNQRLP2yQlSNgTaFu0VXWUM6vfb8ARd7q66A=",
            "content_base64sha512": "su7TORJFwNEdPu2r2zuyduAXZqWr8o4pX6KPL9/kd0zxjob5Wf3QFA7J1HsdFtSPSWX2NJ+QM79K7V5Ndav6pQ==",
            "content_md5": "9fc111b081378de81880ce43b0bcb022",
            "content_sha1": "8503d83267a3001592fd424e5003eedae6a455e4",
            "content_sha256": "7321bc22f89235044b3f6c909523604da16ed155d650ceaf7dbf0045deeaeba0",
            "content_sha512": "b2eed3391245c0d11d3eedabdb3bb276e01766a5abf28e295fa28f2fdfe4774cf18e86f959fdd0140ec9d47b1d16d48f4965f6349f9033bf4aed5e4d75abfaa5",
            "directory_permission": "0777",
            "file_permission": "0777",
            "filename": "../../modules/vm-template/generated/cloud-init-gpu-workers-pve-nas-01-1.yaml",
            "id": "8503d83267a3001592fd424e5003eedae6a455e4",
            "sensitive_content": null,
            "source": null
          },
          "sensitive_attributes": [
            [
              {
                "type": "get_attr",
                "value": "content"
              }
            ],
            [
              {
                "type": "get_attr",
                "value": "sensitive_content"
              }
            ]
          ],
          "identity_schema_version": 0,
          "dependencies": [
            "module.k3s_cluster_pve_nas_01.random_password.k3s_token"
          ]
        },
        {
          "index_key": "masters-pve-nas-01-1",
          "schema_version": 0,
          "attributes": {
            "content": "#cloud-config\r\n# K3s HA Cluster Cloud-Init Configuration\r\n# Hostname: k3s-masters-pve-nas-01-1\r\n# VM Type: masters\r\n# Environment: prod\r\n\r\nhostname: k3s-masters-pve-nas-01-1\r\nmanage_etc_hosts: true\r\n\r\n# User configuration\r\nusers:\r\n  - name: ubuntu\r\n    groups: [adm, cdrom, dip, plugdev, lxd, sudo]\r\n    lock_passwd: false\r\n    shell: /bin/bash\r\n    ssh_authorized_keys:\r\n      - ssh-rsa AAAAB3NzaC1yc2EAAAADAQABAAACAQDA8goFZngSeRbtWzKIdDNd+vJdjABjsRwSDrRdSg9jCHl2alXMHQTDf9O9u+adKZRsaXB4y28O5wdsCvyv23s6h3d5lIi85Xz8qeV0A/qJwrvvqzV+Bh0WK4aktaMxY1SbREKjsiuRBqRGGsuKv26rC0oa4XMdugmDmzSfiTs4iV61j/Y9HpyPVuvOeO+JC0sFXpcrrXqPQz9FyOqqtrFURai65ftCYYKjMci8zJ9MHBxAjKDQbmklTUqF4l+d1t4yTZNcy067JjfpU3SFJoOHblu24417FZNnUUhLS/V3hHxE5RZePVZM8vpVUGMHalQsI7dcxz/Tq0qIL6OCc9Z/v/pTg62Ha5Y4TXpi65hpwqOL5UBSXqOSMuGwhuKlsMwCwRQ8NSnr+175Irp0KNH8SPGtyiZ15SxBOifdIqy3qAZH/qFvlvda0a4lsVtZXjzrl7TREX6/2mwS1X///0C7vj3CnUcQ+R2mE8Fe4JkWepN1eDREXYZ3vENe/AzoBVMV3sbRi66dTD7E3vsijCflfBtj5hp977WMMWHbcXiGIF0gqRac1Dr6p7wUAZwLu1tXeGZFHQQOUwDmYllg7O9aA7lyPZ6r9CpLUFnV3a8Pfhj3wAxW5tV8dMcMystWLKo23lRyQsYwEym7TE/an4nNwe4RHBOxdihPfZawONn74w==\r\n    sudo: ALL=(ALL) NOPASSWD:ALL\r\n\r\n# System packages\r\npackages:\r\n  - curl\r\n  - wget\r\n  - git\r\n  - htop\r\n  - iotop\r\n  - iftop\r\n  - ncdu\r\n  - net-tools\r\n  - unzip\r\n  - jq\r\n  - nfs-common\r\n  - open-iscsi\r\n  - util-linux\r\n  - cryptsetup\r\n  - lvm2\r\n\r\n\r\n# System configuration\r\nwrite_files:\r\n  # K3s configuration\r\n  - path: /etc/k3s-config.yaml\r\n    content: |\r\n      cluster-init: false\r\n      server: \r\n      token: 7r6Cx55BVUd9bXxnbdjxQvXFl8wS03Bs\r\n      disable:\r\n        - servicelb  # Use MetalLB instead\r\n        - traefik    # Use existing Traefik\r\n      tls-san:\r\n        - k3s-vip.cluster.local\r\n        - 10.10.100.50\r\n\r\n      node-taint:\r\n        - \"node-role.kubernetes.io/master=true:NoSchedule\"\r\n\r\n\r\n\r\n    permissions: '0644'\r\n\r\n  # K3s installation script\r\n  - path: /usr/local/bin/install-k3s.sh\r\n    content: |\r\n      #!/bin/bash\r\n      set -euo pipefail\r\n      \r\n      echo \"Installing K3s on k3s-masters-pve-nas-01-1...\"\r\n      \r\n      # Wait for system to be ready\r\n      sleep 30\r\n      \r\n      # Install K3s\r\n      curl -sfL https://get.k3s.io | sh -s - \\\r\n        --config /etc/k3s-config.yaml \\\r\n\r\n        --server https://k3s-masters-1:6443 \\\r\n\r\n\r\n        --write-kubeconfig-mode 644\r\n      \r\n      # Enable and start K3s\r\n      systemctl enable k3s\r\n      systemctl start k3s\r\n      \r\n      # Wait for K3s to be ready\r\n      until kubectl get nodes; do\r\n        echo \"Waiting for K3s to be ready...\"\r\n        sleep 10\r\n      done\r\n      \r\n      echo \"K3s installation completed on k3s-masters-pve-nas-01-1\"\r\n    permissions: '0755'\r\n\r\n  # System optimization for K3s\r\n  - path: /etc/sysctl.d/99-k3s.conf\r\n    content: |\r\n      # K3s system optimizations\r\n      net.bridge.bridge-nf-call-iptables = 1\r\n      net.bridge.bridge-nf-call-ip6tables = 1\r\n      net.ipv4.ip_forward = 1\r\n      vm.swappiness = 1\r\n      vm.overcommit_memory = 1\r\n      kernel.panic = 10\r\n      kernel.panic_on_oops = 1\r\n    permissions: '0644'\r\n\r\n  # Logrotate configuration for K3s\r\n  - path: /etc/logrotate.d/k3s\r\n    content: |\r\n      /var/log/k3s.log {\r\n        daily\r\n        missingok\r\n        rotate 7\r\n        compress\r\n        notifempty\r\n        create 644 root root\r\n        postrotate\r\n          systemctl reload k3s || true\r\n        endscript\r\n      }\r\n    permissions: '0644'\r\n\r\n\r\n\r\n# Boot commands\r\nbootcmd:\r\n  - echo 'APT::Periodic::Update-Package-Lists \"1\";' \u003e /etc/apt/apt.conf.d/20auto-upgrades\r\n  - echo 'APT::Periodic::Unattended-Upgrade \"1\";' \u003e\u003e /etc/apt/apt.conf.d/20auto-upgrades\r\n\r\n# Run commands\r\nruncmd:\r\n  # Update system\r\n  - apt-get update\r\n  - apt-get upgrade -y\r\n  \r\n  # Apply sysctl settings\r\n  - sysctl --system\r\n  \r\n  # Enable and configure services\r\n  - systemctl enable iscsid\r\n  - systemctl start iscsid\r\n  \r\n\r\n  \r\n  # Install K3s (delayed to ensure system is ready)\r\n  - sleep 60\r\n  - /usr/local/bin/install-k3s.sh\r\n  \r\n  # Log completion\r\n  - echo \"Cloud-init completed for k3s-masters-pve-nas-01-1 at $(date)\" \u003e\u003e /var/log/cloud-init-custom.log\r\n\r\n# Final message\r\nfinal_message: |\r\n  K3s node k3s-masters-pve-nas-01-1 (masters) is ready!\r\n  Environment: prod\r\n  VM Type: masters\r\n  Primary: false\r\n  \r\n  System information:\r\n  - OS: Ubuntu 22.04 LTS\r\n  - K3s: Latest stable\r\n  - Hostname: k3s-masters-pve-nas-01-1\r\n  \r\n  The system is ready for K3s cluster operations.\r\n\r\n# Reboot after cloud-init completion\r\npower_state:\r\n  mode: reboot\r\n  delay: now\r\n  condition: true",
            "content_base64": null,
            "content_base64sha256": "faO14JrmySjsXQKRWal5yEkS+nsBpI0wLjAZURV39P0=",
            "content_base64sha512": "rtrs/Y48yFVTMOVcRLel9w5FS6b7AszgTb4eiPukTP4f0w8gDzrxYhmTBgwbGlj6xCX7dIhJliiePWIBIUHbMw==",
            "content_md5": "19b843a45372c87f3b5f8cbbacc8050f",
            "content_sha1": "98c89ee6b3a1725599ad4cf4d15feb8bdda83626",
            "content_sha256": "7da3b5e09ae6c928ec5d029159a979c84912fa7b01a48d302e3019511577f4fd",
            "content_sha512": "aedaecfd8e3cc8555330e55c44b7a5f70e454ba6fb02cce04dbe1e88fba44cfe1fd30f200f3af1621993060c1b1a58fac425fb74884996289e3d62012141db33",
            "directory_permission": "0777",
            "file_permission": "0777",
            "filename": "../../modules/vm-template/generated/cloud-init-masters-pve-nas-01-1.yaml",
            "id": "98c89ee6b3a1725599ad4cf4d15feb8bdda83626",
            "sensitive_content": null,
            "source": null
          },
          "sensitive_attributes": [
            [
              {
                "type": "get_attr",
                "value": "content"
              }
            ],
            [
              {
                "type": "get_attr",
                "value": "sensitive_content"
              }
            ]
          ],
          "identity_schema_version": 0,
          "dependencies": [
            "module.k3s_cluster_pve_nas_01.random_password.k3s_token"
          ]
        },
        {
          "index_key": "workers-pve-nas-01-1",
          "schema_version": 0,
          "attributes": {
            "content": "#cloud-config\r\n# K3s HA Cluster Cloud-Init Configuration\r\n# Hostname: k3s-workers-pve-nas-01-1\r\n# VM Type: workers\r\n# Environment: prod\r\n\r\nhostname: k3s-workers-pve-nas-01-1\r\nmanage_etc_hosts: true\r\n\r\n# User configuration\r\nusers:\r\n  - name: ubuntu\r\n    groups: [adm, cdrom, dip, plugdev, lxd, sudo]\r\n    lock_passwd: false\r\n    shell: /bin/bash\r\n    ssh_authorized_keys:\r\n      - ssh-rsa AAAAB3NzaC1yc2EAAAADAQABAAACAQDA8goFZngSeRbtWzKIdDNd+vJdjABjsRwSDrRdSg9jCHl2alXMHQTDf9O9u+adKZRsaXB4y28O5wdsCvyv23s6h3d5lIi85Xz8qeV0A/qJwrvvqzV+Bh0WK4aktaMxY1SbREKjsiuRBqRGGsuKv26rC0oa4XMdugmDmzSfiTs4iV61j/Y9HpyPVuvOeO+JC0sFXpcrrXqPQz9FyOqqtrFURai65ftCYYKjMci8zJ9MHBxAjKDQbmklTUqF4l+d1t4yTZNcy067JjfpU3SFJoOHblu24417FZNnUUhLS/V3hHxE5RZePVZM8vpVUGMHalQsI7dcxz/Tq0qIL6OCc9Z/v/pTg62Ha5Y4TXpi65hpwqOL5UBSXqOSMuGwhuKlsMwCwRQ8NSnr+175Irp0KNH8SPGtyiZ15SxBOifdIqy3qAZH/qFvlvda0a4lsVtZXjzrl7TREX6/2mwS1X///0C7vj3CnUcQ+R2mE8Fe4JkWepN1eDREXYZ3vENe/AzoBVMV3sbRi66dTD7E3vsijCflfBtj5hp977WMMWHbcXiGIF0gqRac1Dr6p7wUAZwLu1tXeGZFHQQOUwDmYllg7O9aA7lyPZ6r9CpLUFnV3a8Pfhj3wAxW5tV8dMcMystWLKo23lRyQsYwEym7TE/an4nNwe4RHBOxdihPfZawONn74w==\r\n    sudo: ALL=(ALL) NOPASSWD:ALL\r\n\r\n# System packages\r\npackages:\r\n  - curl\r\n  - wget\r\n  - git\r\n  - htop\r\n  - iotop\r\n  - iftop\r\n  - ncdu\r\n  - net-tools\r\n  - unzip\r\n  - jq\r\n  - nfs-common\r\n  - open-iscsi\r\n  - util-linux\r\n  - cryptsetup\r\n  - lvm2\r\n\r\n\r\n# System configuration\r\nwrite_files:\r\n  # K3s configuration\r\n  - path: /etc/k3s-config.yaml\r\n    content: |\r\n      cluster-init: false\r\n      server: \r\n      token: 7r6Cx55BVUd9bXxnbdjxQvXFl8wS03Bs\r\n      disable:\r\n        - servicelb  # Use MetalLB instead\r\n        - traefik    # Use existing Traefik\r\n      tls-san:\r\n        - k3s-vip.cluster.local\r\n        - 10.10.100.50\r\n\r\n\r\n      node-label:\r\n        - \"node-role.kubernetes.io/worker=true\"\r\n\r\n\r\n    permissions: '0644'\r\n\r\n  # K3s installation script\r\n  - path: /usr/local/bin/install-k3s.sh\r\n    content: |\r\n      #!/bin/bash\r\n      set -euo pipefail\r\n      \r\n      echo \"Installing K3s on k3s-workers-pve-nas-01-1...\"\r\n      \r\n      # Wait for system to be ready\r\n      sleep 30\r\n      \r\n      # Install K3s\r\n      curl -sfL https://get.k3s.io | sh -s - \\\r\n        --config /etc/k3s-config.yaml \\\r\n\r\n\r\n        --server https://k3s-masters-1:6443 \\\r\n        agent \\\r\n\r\n        --write-kubeconfig-mode 644\r\n      \r\n      # Enable and start K3s\r\n      systemctl enable k3s\r\n      systemctl start k3s\r\n      \r\n      # Wait for K3s to be ready\r\n      until kubectl get nodes; do\r\n        echo \"Waiting for K3s to be ready...\"\r\n        sleep 10\r\n      done\r\n      \r\n      echo \"K3s installation completed on k3s-workers-pve-nas-01-1\"\r\n    permissions: '0755'\r\n\r\n  # System optimization for K3s\r\n  - path: /etc/sysctl.d/99-k3s.conf\r\n    content: |\r\n      # K3s system optimizations\r\n      net.bridge.bridge-nf-call-iptables = 1\r\n      net.bridge.bridge-nf-call-ip6tables = 1\r\n      net.ipv4.ip_forward = 1\r\n      vm.swappiness = 1\r\n      vm.overcommit_memory = 1\r\n      kernel.panic = 10\r\n      kernel.panic_on_oops = 1\r\n    permissions: '0644'\r\n\r\n  # Logrotate configuration for K3s\r\n  - path: /etc/logrotate.d/k3s\r\n    content: |\r\n      /var/log/k3s.log {\r\n        daily\r\n        missingok\r\n        rotate 7\r\n        compress\r\n        notifempty\r\n        create 644 root root\r\n        postrotate\r\n          systemctl reload k3s || true\r\n        endscript\r\n      }\r\n    permissions: '0644'\r\n\r\n\r\n\r\n# Boot commands\r\nbootcmd:\r\n  - echo 'APT::Periodic::Update-Package-Lists \"1\";' \u003e /etc/apt/apt.conf.d/20auto-upgrades\r\n  - echo 'APT::Periodic::Unattended-Upgrade \"1\";' \u003e\u003e /etc/apt/apt.conf.d/20auto-upgrades\r\n\r\n# Run commands\r\nruncmd:\r\n  # Update system\r\n  - apt-get update\r\n  - apt-get upgrade -y\r\n  \r\n  # Apply sysctl settings\r\n  - sysctl --system\r\n  \r\n  # Enable and configure services\r\n  - systemctl enable iscsid\r\n  - systemctl start iscsid\r\n  \r\n\r\n  \r\n  # Install K3s (delayed to ensure system is ready)\r\n  - sleep 60\r\n  - /usr/local/bin/install-k3s.sh\r\n  \r\n  # Log completion\r\n  - echo \"Cloud-init completed for k3s-workers-pve-nas-01-1 at $(date)\" \u003e\u003e /var/log/cloud-init-custom.log\r\n\r\n# Final message\r\nfinal_message: |\r\n  K3s node k3s-workers-pve-nas-01-1 (workers) is ready!\r\n  Environment: prod\r\n  VM Type: workers\r\n  Primary: false\r\n  \r\n  System information:\r\n  - OS: Ubuntu 22.04 LTS\r\n  - K3s: Latest stable\r\n  - Hostname: k3s-workers-pve-nas-01-1\r\n  \r\n  The system is ready for K3s cluster operations.\r\n\r\n# Reboot after cloud-init completion\r\npower_state:\r\n  mode: reboot\r\n  delay: now\r\n  condition: true",
            "content_base64": null,
            "content_base64sha256": "j6FUJeSTVXkzpMr0Ah7WoyeK7e//A0V2oOuXaS1p/uY=",
            "content_base64sha512": "7vqB1tJkt2xXcH7s1HrpSkJiyk11Gnw2yy6hIrCE6VGDyGD73t/KPqRzSaD3FcPVxJ97+VR4aJRy0rqNnU9HGw==",
            "content_md5": "f1f1f839cf11fdcec2b63c7c27c5e321",
            "content_sha1": "7bb289767303f5e8a0efb1ae98143ca03c57b54e",
            "content_sha256": "8fa15425e493557933a4caf4021ed6a3278aedefff034576a0eb97692d69fee6",
            "content_sha512": "eefa81d6d264b76c57707eecd47ae94a4262ca4d751a7c36cb2ea122b084e95183c860fbdedfca3ea47349a0f715c3d5c49f7bf95478689472d2ba8d9d4f471b",
            "directory_permission": "0777",
            "file_permission": "0777",
            "filename": "../../modules/vm-template/generated/cloud-init-workers-pve-nas-01-1.yaml",
            "id": "7bb289767303f5e8a0efb1ae98143ca03c57b54e",
            "sensitive_content": null,
            "source": null
          },
          "sensitive_attributes": [
            [
              {
                "type": "get_attr",
                "value": "content"
              }
            ],
            [
              {
                "type": "get_attr",
                "value": "sensitive_content"
              }
            ]
          ],
          "identity_schema_version": 0,
          "dependencies": [
            "module.k3s_cluster_pve_nas_01.random_password.k3s_token"
          ]
        },
        {
          "index_key": "workers-pve-nas-01-2",
          "schema_version": 0,
          "attributes": {
            "content": "#cloud-config\r\n# K3s HA Cluster Cloud-Init Configuration\r\n# Hostname: k3s-workers-pve-nas-01-2\r\n# VM Type: workers\r\n# Environment: prod\r\n\r\nhostname: k3s-workers-pve-nas-01-2\r\nmanage_etc_hosts: true\r\n\r\n# User configuration\r\nusers:\r\n  - name: ubuntu\r\n    groups: [adm, cdrom, dip, plugdev, lxd, sudo]\r\n    lock_passwd: false\r\n    shell: /bin/bash\r\n    ssh_authorized_keys:\r\n      - ssh-rsa AAAAB3NzaC1yc2EAAAADAQABAAACAQDA8goFZngSeRbtWzKIdDNd+vJdjABjsRwSDrRdSg9jCHl2alXMHQTDf9O9u+adKZRsaXB4y28O5wdsCvyv23s6h3d5lIi85Xz8qeV0A/qJwrvvqzV+Bh0WK4aktaMxY1SbREKjsiuRBqRGGsuKv26rC0oa4XMdugmDmzSfiTs4iV61j/Y9HpyPVuvOeO+JC0sFXpcrrXqPQz9FyOqqtrFURai65ftCYYKjMci8zJ9MHBxAjKDQbmklTUqF4l+d1t4yTZNcy067JjfpU3SFJoOHblu24417FZNnUUhLS/V3hHxE5RZePVZM8vpVUGMHalQsI7dcxz/Tq0qIL6OCc9Z/v/pTg62Ha5Y4TXpi65hpwqOL5UBSXqOSMuGwhuKlsMwCwRQ8NSnr+175Irp0KNH8SPGtyiZ15SxBOifdIqy3qAZH/qFvlvda0a4lsVtZXjzrl7TREX6/2mwS1X///0C7vj3CnUcQ+R2mE8Fe4JkWepN1eDREXYZ3vENe/AzoBVMV3sbRi66dTD7E3vsijCflfBtj5hp977WMMWHbcXiGIF0gqRac1Dr6p7wUAZwLu1tXeGZFHQQOUwDmYllg7O9aA7lyPZ6r9CpLUFnV3a8Pfhj3wAxW5tV8dMcMystWLKo23lRyQsYwEym7TE/an4nNwe4RHBOxdihPfZawONn74w==\r\n    sudo: ALL=(ALL) NOPASSWD:ALL\r\n\r\n# System packages\r\npackages:\r\n  - curl\r\n  - wget\r\n  - git\r\n  - htop\r\n  - iotop\r\n  - iftop\r\n  - ncdu\r\n  - net-tools\r\n  - unzip\r\n  - jq\r\n  - nfs-common\r\n  - open-iscsi\r\n  - util-linux\r\n  - cryptsetup\r\n  - lvm2\r\n\r\n\r\n# System configuration\r\nwrite_files:\r\n  # K3s configuration\r\n  - path: /etc/k3s-config.yaml\r\n    content: |\r\n      cluster-init: false\r\n      server: \r\n      token: 7r6Cx55BVUd9bXxnbdjxQvXFl8wS03Bs\r\n      disable:\r\n        - servicelb  # Use MetalLB instead\r\n        - traefik    # Use existing Traefik\r\n      tls-san:\r\n        - k3s-vip.cluster.local\r\n        - 10.10.100.50\r\n\r\n\r\n      node-label:\r\n        - \"node-role.kubernetes.io/worker=true\"\r\n\r\n\r\n    permissions: '0644'\r\n\r\n  # K3s installation script\r\n  - path: /usr/local/bin/install-k3s.sh\r\n    content: |\r\n      #!/bin/bash\r\n      set -euo pipefail\r\n      \r\n      echo \"Installing K3s on k3s-workers-pve-nas-01-2...\"\r\n      \r\n      # Wait for system to be ready\r\n      sleep 30\r\n      \r\n      # Install K3s\r\n      curl -sfL https://get.k3s.io | sh -s - \\\r\n        --config /etc/k3s-config.yaml \\\r\n\r\n\r\n        --server https://k3s-masters-1:6443 \\\r\n        agent \\\r\n\r\n        --write-kubeconfig-mode 644\r\n      \r\n      # Enable and start K3s\r\n      systemctl enable k3s\r\n      systemctl start k3s\r\n      \r\n      # Wait for K3s to be ready\r\n      until kubectl get nodes; do\r\n        echo \"Waiting for K3s to be ready...\"\r\n        sleep 10\r\n      done\r\n      \r\n      echo \"K3s installation completed on k3s-workers-pve-nas-01-2\"\r\n    permissions: '0755'\r\n\r\n  # System optimization for K3s\r\n  - path: /etc/sysctl.d/99-k3s.conf\r\n    content: |\r\n      # K3s system optimizations\r\n      net.bridge.bridge-nf-call-iptables = 1\r\n      net.bridge.bridge-nf-call-ip6tables = 1\r\n      net.ipv4.ip_forward = 1\r\n      vm.swappiness = 1\r\n      vm.overcommit_memory = 1\r\n      kernel.panic = 10\r\n      kernel.panic_on_oops = 1\r\n    permissions: '0644'\r\n\r\n  # Logrotate configuration for K3s\r\n  - path: /etc/logrotate.d/k3s\r\n    content: |\r\n      /var/log/k3s.log {\r\n        daily\r\n        missingok\r\n        rotate 7\r\n        compress\r\n        notifempty\r\n        create 644 root root\r\n        postrotate\r\n          systemctl reload k3s || true\r\n        endscript\r\n      }\r\n    permissions: '0644'\r\n\r\n\r\n\r\n# Boot commands\r\nbootcmd:\r\n  - echo 'APT::Periodic::Update-Package-Lists \"1\";' \u003e /etc/apt/apt.conf.d/20auto-upgrades\r\n  - echo 'APT::Periodic::Unattended-Upgrade \"1\";' \u003e\u003e /etc/apt/apt.conf.d/20auto-upgrades\r\n\r\n# Run commands\r\nruncmd:\r\n  # Update system\r\n  - apt-get update\r\n  - apt-get upgrade -y\r\n  \r\n  # Apply sysctl settings\r\n  - sysctl --system\r\n  \r\n  # Enable and configure services\r\n  - systemctl enable iscsid\r\n  - systemctl start iscsid\r\n  \r\n\r\n  \r\n  # Install K3s (delayed to ensure system is ready)\r\n  - sleep 60\r\n  - /usr/local/bin/install-k3s.sh\r\n  \r\n  # Log completion\r\n  - echo \"Cloud-init completed for k3s-workers-pve-nas-01-2 at $(date)\" \u003e\u003e /var/log/cloud-init-custom.log\r\n\r\n# Final message\r\nfinal_message: |\r\n  K3s node k3s-workers-pve-nas-01-2 (workers) is ready!\r\n  Environment: prod\r\n  VM Type: workers\r\n  Primary: false\r\n  \r\n  System information:\r\n  - OS: Ubuntu 22.04 LTS\r\n  - K3s: Latest stable\r\n  - Hostname: k3s-workers-pve-nas-01-2\r\n  \r\n  The system is ready for K3s cluster operations.\r\n\r\n# Reboot after cloud-init completion\r\npower_state:\r\n  mode: reboot\r\n  delay: now\r\n  condition: true",
            "content_base64": null,
            "content_base64sha256": "swHLh9dTLguJtejnnSohSCvs+1IV5c/blTA/4KYuXzI=",
            "content_base64sha512": "UkEKeOrsX0/lgDdLKNRNtBWx1eGcPLIu9S5DmluXOefGH+6M+cdfDvMwa7oGRojUA61bX/9L8H1OhfXV+KFXAA==",
            "content_md5": "c65b39d57603baf3cee0cc19e749155e",
            "content_sha1": "dd3f9b442018bee5f3a3b49786cb93c04fc76831",
            "content_sha256": "b301cb87d7532e0b89b5e8e79d2a21482becfb5215e5cfdb95303fe0a62e5f32",
            "content_sha512": "52410a78eaec5f4fe580374b28d44db415b1d5e19c3cb22ef52e439a5b9739e7c61fee8cf9c75f0ef3306bba064688d403ad5b5fff4bf07d4e85f5d5f8a15700",
            "directory_permission": "0777",
            "file_permission": "0777",
            "filename": "../../modules/vm-template/generated/cloud-init-workers-pve-nas-01-2.yaml",
            "id": "dd3f9b442018bee5f3a3b49786cb93c04fc76831",
            "sensitive_content": null,
            "source": null
          },
          "sensitive_attributes": [
            [
              {
                "type": "get_attr",
                "value": "content"
              }
            ],
            [
              {
                "type": "get_attr",
                "value": "sensitive_content"
              }
            ]
          ],
          "identity_schema_version": 0,
          "dependencies": [
            "module.k3s_cluster_pve_nas_01.random_password.k3s_token"
          ]
        }
      ]
    },
    {
      "module": "module.k3s_cluster_pve_nas_01",
      "mode": "managed",
      "type": "proxmox_virtual_environment_vm",
      "name": "k3s_vms",
      "provider": "provider[\"registry.terraform.io/bpg/proxmox\"].pve-nas-01",
      "instances": [
        {
          "index_key": "gpu-workers-pve-nas-01-1",
          "schema_version": 0,
          "attributes": {
            "acpi": true,
            "agent": [],
            "audio_device": [],
            "bios": "seabios",
            "boot_order": null,
            "cdrom": [],
            "clone": [
              {
                "datastore_id": "",
                "full": true,
                "node_name": "",
                "retries": 1,
                "vm_id": 9001
              }
            ],
            "cpu": [
              {
                "affinity": "",
                "architecture": "",
                "cores": 8,
                "flags": null,
                "hotplugged": 0,
                "limit": 0,
                "numa": false,
                "sockets": 1,
                "type": "kvm64",
                "units": 1024
              }
            ],
            "description": "K3s gpu-workers node - prod environment",
            "disk": [],
            "efi_disk": [],
            "hook_script_file_id": null,
            "hostpci": [],
            "id": "600",
            "initialization": [
              {
                "datastore_id": "local-lvm",
                "dns": [
                  {
                    "domain": "cluster.local",
                    "server": "",
                    "servers": [
                      "8.8.8.8",
                      "8.8.4.4"
                    ]
                  }
                ],
                "interface": "ide0",
                "ip_config": [
                  {
                    "ipv4": [
                      {
                        "address": "dhcp",
                        "gateway": ""
                      }
                    ],
                    "ipv6": []
                  }
                ],
                "meta_data_file_id": "",
                "network_data_file_id": "",
                "type": "",
                "upgrade": false,
                "user_account": [
                  {
                    "keys": [
                      "ssh-rsa AAAAB3NzaC1yc2EAAAADAQABAAACAQDA8goFZngSeRbtWzKIdDNd+vJdjABjsRwSDrRdSg9jCHl2alXMHQTDf9O9u+adKZRsaXB4y28O5wdsCvyv23s6h3d5lIi85Xz8qeV0A/qJwrvvqzV+Bh0WK4aktaMxY1SbREKjsiuRBqRGGsuKv26rC0oa4XMdugmDmzSfiTs4iV61j/Y9HpyPVuvOeO+JC0sFXpcrrXqPQz9FyOqqtrFURai65ftCYYKjMci8zJ9MHBxAjKDQbmklTUqF4l+d1t4yTZNcy067JjfpU3SFJoOHblu24417FZNnUUhLS/V3hHxE5RZePVZM8vpVUGMHalQsI7dcxz/Tq0qIL6OCc9Z/v/pTg62Ha5Y4TXpi65hpwqOL5UBSXqOSMuGwhuKlsMwCwRQ8NSnr+175Irp0KNH8SPGtyiZ15SxBOifdIqy3qAZH/qFvlvda0a4lsVtZXjzrl7TREX6/2mwS1X///0C7vj3CnUcQ+R2mE8Fe4JkWepN1eDREXYZ3vENe/AzoBVMV3sbRi66dTD7E3vsijCflfBtj5hp977WMMWHbcXiGIF0gqRac1Dr6p7wUAZwLu1tXeGZFHQQOUwDmYllg7O9aA7lyPZ6r9CpLUFnV3a8Pfhj3wAxW5tV8dMcMystWLKo23lRyQsYwEym7TE/an4nNwe4RHBOxdihPfZawONn74w=="
                    ],
                    "password": "",
                    "username": "ubuntu"
                  }
                ],
                "user_data_file_id": "",
                "vendor_data_file_id": ""
              }
            ],
            "ipv4_addresses": [
              [
                "127.0.0.1"
              ],
              [
                "192.168.11.254"
              ]
            ],
            "ipv6_addresses": [
              [
                "::1"
              ],
              [
                "fe80::be24:11ff:fede:4b98"
              ]
            ],
            "keyboard_layout": "en-us",
            "kvm_arguments": null,
            "mac_addresses": [
              "00:00:00:00:00:00",
              "BC:24:11:DE:4B:98"
            ],
            "machine": null,
            "memory": [
              {
                "dedicated": 16384,
                "floating": 16384,
                "hugepages": "",
                "keep_hugepages": false,
                "shared": 0
              }
            ],
            "migrate": false,
            "name": "k3s-gpu-workers-pve-nas-01-1",
            "network_device": [
              {
                "bridge": "vmbr0",
                "disconnected": false,
                "enabled": true,
                "firewall": false,
                "mac_address": "BC:24:11:DE:4B:98",
                "model": "virtio",
                "mtu": 0,
                "queues": 0,
                "rate_limit": 0,
                "trunks": "",
                "vlan_id": 11
              }
            ],
            "network_interface_names": [
              "lo",
              "eth0"
            ],
            "node_name": "pve-nas-01",
            "numa": [],
            "on_boot": true,
            "operating_system": [],
            "pool_id": null,
            "protection": false,
            "reboot": false,
            "scsi_hardware": "virtio-scsi-pci",
            "serial_device": [],
            "smbios": [],
            "started": true,
            "startup": [],
            "stop_on_destroy": false,
            "tablet_device": true,
            "tags": [
              "cluster-k3s-ha",
              "environment-prod",
              "managedby-terraform",
              "project-homelab"
            ],
            "template": false,
            "timeout_clone": 1800,
            "timeout_create": 1800,
            "timeout_migrate": 1800,
            "timeout_move_disk": 1800,
            "timeout_reboot": 1800,
            "timeout_shutdown_vm": 1800,
            "timeout_start_vm": 1800,
            "timeout_stop_vm": 300,
            "tpm_state": [],
            "usb": [],
            "vga": [
              {
                "clipboard": "",
                "memory": 0,
                "type": ""
              }
            ],
            "vm_id": 600,
            "watchdog": []
          },
          "sensitive_attributes": [
            [
              {
                "type": "get_attr",
                "value": "initialization"
              },
              {
                "type": "index",
                "value": {
                  "value": 0,
                  "type": "number"
                }
              },
              {
                "type": "get_attr",
                "value": "user_account"
              },
              {
                "type": "index",
                "value": {
                  "value": 0,
                  "type": "number"
                }
              },
              {
                "type": "get_attr",
                "value": "password"
              }
            ]
          ],
          "identity_schema_version": 0,
          "private": "bnVsbA==",
          "dependencies": [
            "module.k3s_cluster_pve_nas_01.data.proxmox_virtual_environment_vms.all_templates"
          ],
          "create_before_destroy": true
        },
        {
          "index_key": "masters-pve-nas-01-1",
          "schema_version": 0,
          "attributes": {
            "acpi": true,
            "agent": [],
            "audio_device": [],
            "bios": "seabios",
            "boot_order": null,
            "cdrom": [],
            "clone": [
              {
                "datastore_id": "",
                "full": true,
                "node_name": "",
                "retries": 1,
                "vm_id": 9001
              }
            ],
            "cpu": [
              {
                "affinity": "",
                "architecture": "",
                "cores": 4,
                "flags": null,
                "hotplugged": 0,
                "limit": 0,
                "numa": false,
                "sockets": 1,
                "type": "kvm64",
                "units": 1024
              }
            ],
            "description": "K3s masters node - prod environment",
            "disk": [],
            "efi_disk": [],
            "hook_script_file_id": null,
            "hostpci": [],
            "id": "400",
            "initialization": [
              {
                "datastore_id": "local-lvm",
                "dns": [
                  {
                    "domain": "cluster.local",
                    "server": "",
                    "servers": [
                      "8.8.8.8",
                      "8.8.4.4"
                    ]
                  }
                ],
                "interface": "ide0",
                "ip_config": [
                  {
                    "ipv4": [
                      {
                        "address": "dhcp",
                        "gateway": ""
                      }
                    ],
                    "ipv6": []
                  }
                ],
                "meta_data_file_id": "",
                "network_data_file_id": "",
                "type": "",
                "upgrade": false,
                "user_account": [
                  {
                    "keys": [
                      "ssh-rsa AAAAB3NzaC1yc2EAAAADAQABAAACAQDA8goFZngSeRbtWzKIdDNd+vJdjABjsRwSDrRdSg9jCHl2alXMHQTDf9O9u+adKZRsaXB4y28O5wdsCvyv23s6h3d5lIi85Xz8qeV0A/qJwrvvqzV+Bh0WK4aktaMxY1SbREKjsiuRBqRGGsuKv26rC0oa4XMdugmDmzSfiTs4iV61j/Y9HpyPVuvOeO+JC0sFXpcrrXqPQz9FyOqqtrFURai65ftCYYKjMci8zJ9MHBxAjKDQbmklTUqF4l+d1t4yTZNcy067JjfpU3SFJoOHblu24417FZNnUUhLS/V3hHxE5RZePVZM8vpVUGMHalQsI7dcxz/Tq0qIL6OCc9Z/v/pTg62Ha5Y4TXpi65hpwqOL5UBSXqOSMuGwhuKlsMwCwRQ8NSnr+175Irp0KNH8SPGtyiZ15SxBOifdIqy3qAZH/qFvlvda0a4lsVtZXjzrl7TREX6/2mwS1X///0C7vj3CnUcQ+R2mE8Fe4JkWepN1eDREXYZ3vENe/AzoBVMV3sbRi66dTD7E3vsijCflfBtj5hp977WMMWHbcXiGIF0gqRac1Dr6p7wUAZwLu1tXeGZFHQQOUwDmYllg7O9aA7lyPZ6r9CpLUFnV3a8Pfhj3wAxW5tV8dMcMystWLKo23lRyQsYwEym7TE/an4nNwe4RHBOxdihPfZawONn74w=="
                    ],
                    "password": "",
                    "username": "ubuntu"
                  }
                ],
                "user_data_file_id": "",
                "vendor_data_file_id": ""
              }
            ],
            "ipv4_addresses": [
              [
                "127.0.0.1"
              ],
              [
                "192.168.11.195"
              ]
            ],
            "ipv6_addresses": [
              [
                "::1"
              ],
              [
                "fe80::be24:11ff:fe1c:799d"
              ]
            ],
            "keyboard_layout": "en-us",
            "kvm_arguments": null,
            "mac_addresses": [
              "00:00:00:00:00:00",
              "BC:24:11:1C:79:9D"
            ],
            "machine": null,
            "memory": [
              {
                "dedicated": 4096,
                "floating": 4096,
                "hugepages": "",
                "keep_hugepages": false,
                "shared": 0
              }
            ],
            "migrate": false,
            "name": "k3s-masters-pve-nas-01-1",
            "network_device": [
              {
                "bridge": "vmbr0",
                "disconnected": false,
                "enabled": true,
                "firewall": false,
                "mac_address": "BC:24:11:1C:79:9D",
                "model": "virtio",
                "mtu": 0,
                "queues": 0,
                "rate_limit": 0,
                "trunks": "",
                "vlan_id": 11
              }
            ],
            "network_interface_names": [
              "lo",
              "eth0"
            ],
            "node_name": "pve-nas-01",
            "numa": [],
            "on_boot": true,
            "operating_system": [],
            "pool_id": null,
            "protection": false,
            "reboot": false,
            "scsi_hardware": "virtio-scsi-pci",
            "serial_device": [],
            "smbios": [],
            "started": true,
            "startup": [],
            "stop_on_destroy": false,
            "tablet_device": true,
            "tags": [
              "cluster-k3s-ha",
              "environment-prod",
              "managedby-terraform",
              "project-homelab"
            ],
            "template": false,
            "timeout_clone": 1800,
            "timeout_create": 1800,
            "timeout_migrate": 1800,
            "timeout_move_disk": 1800,
            "timeout_reboot": 1800,
            "timeout_shutdown_vm": 1800,
            "timeout_start_vm": 1800,
            "timeout_stop_vm": 300,
            "tpm_state": [],
            "usb": [],
            "vga": [
              {
                "clipboard": "",
                "memory": 0,
                "type": ""
              }
            ],
            "vm_id": 400,
            "watchdog": []
          },
          "sensitive_attributes": [
            [
              {
                "type": "get_attr",
                "value": "initialization"
              },
              {
                "type": "index",
                "value": {
                  "value": 0,
                  "type": "number"
                }
              },
              {
                "type": "get_attr",
                "value": "user_account"
              },
              {
                "type": "index",
                "value": {
                  "value": 0,
                  "type": "number"
                }
              },
              {
                "type": "get_attr",
                "value": "password"
              }
            ]
          ],
          "identity_schema_version": 0,
          "private": "bnVsbA==",
          "dependencies": [
            "module.k3s_cluster_pve_nas_01.data.proxmox_virtual_environment_vms.all_templates"
          ],
          "create_before_destroy": true
        },
        {
          "index_key": "workers-pve-nas-01-1",
          "schema_version": 0,
          "attributes": {
            "acpi": true,
            "agent": [],
            "audio_device": [],
            "bios": "seabios",
            "boot_order": null,
            "cdrom": [],
            "clone": [
              {
                "datastore_id": "",
                "full": true,
                "node_name": "",
                "retries": 1,
                "vm_id": 9001
              }
            ],
            "cpu": [
              {
                "affinity": "",
                "architecture": "",
                "cores": 4,
                "flags": null,
                "hotplugged": 0,
                "limit": 0,
                "numa": false,
                "sockets": 1,
                "type": "kvm64",
                "units": 1024
              }
            ],
            "description": "K3s workers node - prod environment",
            "disk": [],
            "efi_disk": [],
            "hook_script_file_id": null,
            "hostpci": [],
            "id": "500",
            "initialization": [
              {
                "datastore_id": "local-lvm",
                "dns": [
                  {
                    "domain": "cluster.local",
                    "server": "",
                    "servers": [
                      "8.8.8.8",
                      "8.8.4.4"
                    ]
                  }
                ],
                "interface": "ide0",
                "ip_config": [
                  {
                    "ipv4": [
                      {
                        "address": "dhcp",
                        "gateway": ""
                      }
                    ],
                    "ipv6": []
                  }
                ],
                "meta_data_file_id": "",
                "network_data_file_id": "",
                "type": "",
                "upgrade": false,
                "user_account": [
                  {
                    "keys": [
                      "ssh-rsa AAAAB3NzaC1yc2EAAAADAQABAAACAQDA8goFZngSeRbtWzKIdDNd+vJdjABjsRwSDrRdSg9jCHl2alXMHQTDf9O9u+adKZRsaXB4y28O5wdsCvyv23s6h3d5lIi85Xz8qeV0A/qJwrvvqzV+Bh0WK4aktaMxY1SbREKjsiuRBqRGGsuKv26rC0oa4XMdugmDmzSfiTs4iV61j/Y9HpyPVuvOeO+JC0sFXpcrrXqPQz9FyOqqtrFURai65ftCYYKjMci8zJ9MHBxAjKDQbmklTUqF4l+d1t4yTZNcy067JjfpU3SFJoOHblu24417FZNnUUhLS/V3hHxE5RZePVZM8vpVUGMHalQsI7dcxz/Tq0qIL6OCc9Z/v/pTg62Ha5Y4TXpi65hpwqOL5UBSXqOSMuGwhuKlsMwCwRQ8NSnr+175Irp0KNH8SPGtyiZ15SxBOifdIqy3qAZH/qFvlvda0a4lsVtZXjzrl7TREX6/2mwS1X///0C7vj3CnUcQ+R2mE8Fe4JkWepN1eDREXYZ3vENe/AzoBVMV3sbRi66dTD7E3vsijCflfBtj5hp977WMMWHbcXiGIF0gqRac1Dr6p7wUAZwLu1tXeGZFHQQOUwDmYllg7O9aA7lyPZ6r9CpLUFnV3a8Pfhj3wAxW5tV8dMcMystWLKo23lRyQsYwEym7TE/an4nNwe4RHBOxdihPfZawONn74w=="
                    ],
                    "password": "",
                    "username": "ubuntu"
                  }
                ],
                "user_data_file_id": "",
                "vendor_data_file_id": ""
              }
            ],
            "ipv4_addresses": [
              [
                "127.0.0.1"
              ],
              [
                "192.168.11.145"
              ]
            ],
            "ipv6_addresses": [
              [
                "::1"
              ],
              [
                "fe80::be24:11ff:febf:9421"
              ]
            ],
            "keyboard_layout": "en-us",
            "kvm_arguments": null,
            "mac_addresses": [
              "00:00:00:00:00:00",
              "BC:24:11:BF:94:21"
            ],
            "machine": null,
            "memory": [
              {
                "dedicated": 8192,
                "floating": 8192,
                "hugepages": "",
                "keep_hugepages": false,
                "shared": 0
              }
            ],
            "migrate": false,
            "name": "k3s-workers-pve-nas-01-1",
            "network_device": [
              {
                "bridge": "vmbr0",
                "disconnected": false,
                "enabled": true,
                "firewall": false,
                "mac_address": "BC:24:11:BF:94:21",
                "model": "virtio",
                "mtu": 0,
                "queues": 0,
                "rate_limit": 0,
                "trunks": "",
                "vlan_id": 11
              }
            ],
            "network_interface_names": [
              "lo",
              "eth0"
            ],
            "node_name": "pve-nas-01",
            "numa": [],
            "on_boot": true,
            "operating_system": [],
            "pool_id": null,
            "protection": false,
            "reboot": false,
            "scsi_hardware": "virtio-scsi-pci",
            "serial_device": [],
            "smbios": [],
            "started": true,
            "startup": [],
            "stop_on_destroy": false,
            "tablet_device": true,
            "tags": [
              "cluster-k3s-ha",
              "environment-prod",
              "managedby-terraform",
              "project-homelab"
            ],
            "template": false,
            "timeout_clone": 1800,
            "timeout_create": 1800,
            "timeout_migrate": 1800,
            "timeout_move_disk": 1800,
            "timeout_reboot": 1800,
            "timeout_shutdown_vm": 1800,
            "timeout_start_vm": 1800,
            "timeout_stop_vm": 300,
            "tpm_state": [],
            "usb": [],
            "vga": [
              {
                "clipboard": "",
                "memory": 0,
                "type": ""
              }
            ],
            "vm_id": 500,
            "watchdog": []
          },
          "sensitive_attributes": [
            [
              {
                "type": "get_attr",
                "value": "initialization"
              },
              {
                "type": "index",
                "value": {
                  "value": 0,
                  "type": "number"
                }
              },
              {
                "type": "get_attr",
                "value": "user_account"
              },
              {
                "type": "index",
                "value": {
                  "value": 0,
                  "type": "number"
                }
              },
              {
                "type": "get_attr",
                "value": "password"
              }
            ]
          ],
          "identity_schema_version": 0,
          "private": "bnVsbA==",
          "dependencies": [
            "module.k3s_cluster_pve_nas_01.data.proxmox_virtual_environment_vms.all_templates"
          ],
          "create_before_destroy": true
        },
        {
          "index_key": "workers-pve-nas-01-2",
          "schema_version": 0,
          "attributes": {
            "acpi": true,
            "agent": [],
            "audio_device": [],
            "bios": "seabios",
            "boot_order": null,
            "cdrom": [],
            "clone": [
              {
                "datastore_id": "",
                "full": true,
                "node_name": "",
                "retries": 1,
                "vm_id": 9001
              }
            ],
            "cpu": [
              {
                "affinity": "",
                "architecture": "",
                "cores": 4,
                "flags": null,
                "hotplugged": 0,
                "limit": 0,
                "numa": false,
                "sockets": 1,
                "type": "kvm64",
                "units": 1024
              }
            ],
            "description": "K3s workers node - prod environment",
            "disk": [],
            "efi_disk": [],
            "hook_script_file_id": null,
            "hostpci": [],
            "id": "501",
            "initialization": [
              {
                "datastore_id": "local-lvm",
                "dns": [
                  {
                    "domain": "cluster.local",
                    "server": "",
                    "servers": [
                      "8.8.8.8",
                      "8.8.4.4"
                    ]
                  }
                ],
                "interface": "ide0",
                "ip_config": [
                  {
                    "ipv4": [
                      {
                        "address": "dhcp",
                        "gateway": ""
                      }
                    ],
                    "ipv6": []
                  }
                ],
                "meta_data_file_id": "",
                "network_data_file_id": "",
                "type": "",
                "upgrade": false,
                "user_account": [
                  {
                    "keys": [
                      "ssh-rsa AAAAB3NzaC1yc2EAAAADAQABAAACAQDA8goFZngSeRbtWzKIdDNd+vJdjABjsRwSDrRdSg9jCHl2alXMHQTDf9O9u+adKZRsaXB4y28O5wdsCvyv23s6h3d5lIi85Xz8qeV0A/qJwrvvqzV+Bh0WK4aktaMxY1SbREKjsiuRBqRGGsuKv26rC0oa4XMdugmDmzSfiTs4iV61j/Y9HpyPVuvOeO+JC0sFXpcrrXqPQz9FyOqqtrFURai65ftCYYKjMci8zJ9MHBxAjKDQbmklTUqF4l+d1t4yTZNcy067JjfpU3SFJoOHblu24417FZNnUUhLS/V3hHxE5RZePVZM8vpVUGMHalQsI7dcxz/Tq0qIL6OCc9Z/v/pTg62Ha5Y4TXpi65hpwqOL5UBSXqOSMuGwhuKlsMwCwRQ8NSnr+175Irp0KNH8SPGtyiZ15SxBOifdIqy3qAZH/qFvlvda0a4lsVtZXjzrl7TREX6/2mwS1X///0C7vj3CnUcQ+R2mE8Fe4JkWepN1eDREXYZ3vENe/AzoBVMV3sbRi66dTD7E3vsijCflfBtj5hp977WMMWHbcXiGIF0gqRac1Dr6p7wUAZwLu1tXeGZFHQQOUwDmYllg7O9aA7lyPZ6r9CpLUFnV3a8Pfhj3wAxW5tV8dMcMystWLKo23lRyQsYwEym7TE/an4nNwe4RHBOxdihPfZawONn74w=="
                    ],
                    "password": "",
                    "username": "ubuntu"
                  }
                ],
                "user_data_file_id": "",
                "vendor_data_file_id": ""
              }
            ],
            "ipv4_addresses": [
              [
                "127.0.0.1"
              ],
              [
                "192.168.11.24"
              ]
            ],
            "ipv6_addresses": [
              [
                "::1"
              ],
              [
                "fe80::be24:11ff:fedf:df5c"
              ]
            ],
            "keyboard_layout": "en-us",
            "kvm_arguments": null,
            "mac_addresses": [
              "00:00:00:00:00:00",
              "BC:24:11:DF:DF:5C"
            ],
            "machine": null,
            "memory": [
              {
                "dedicated": 8192,
                "floating": 8192,
                "hugepages": "",
                "keep_hugepages": false,
                "shared": 0
              }
            ],
            "migrate": false,
            "name": "k3s-workers-pve-nas-01-2",
            "network_device": [
              {
                "bridge": "vmbr0",
                "disconnected": false,
                "enabled": true,
                "firewall": false,
                "mac_address": "BC:24:11:DF:DF:5C",
                "model": "virtio",
                "mtu": 0,
                "queues": 0,
                "rate_limit": 0,
                "trunks": "",
                "vlan_id": 11
              }
            ],
            "network_interface_names": [
              "lo",
              "eth0"
            ],
            "node_name": "pve-nas-01",
            "numa": [],
            "on_boot": true,
            "operating_system": [],
            "pool_id": null,
            "protection": false,
            "reboot": false,
            "scsi_hardware": "virtio-scsi-pci",
            "serial_device": [],
            "smbios": [],
            "started": true,
            "startup": [],
            "stop_on_destroy": false,
            "tablet_device": true,
            "tags": [
              "cluster-k3s-ha",
              "environment-prod",
              "managedby-terraform",
              "project-homelab"
            ],
            "template": false,
            "timeout_clone": 1800,
            "timeout_create": 1800,
            "timeout_migrate": 1800,
            "timeout_move_disk": 1800,
            "timeout_reboot": 1800,
            "timeout_shutdown_vm": 1800,
            "timeout_start_vm": 1800,
            "timeout_stop_vm": 300,
            "tpm_state": [],
            "usb": [],
            "vga": [
              {
                "clipboard": "",
                "memory": 0,
                "type": ""
              }
            ],
            "vm_id": 501,
            "watchdog": []
          },
          "sensitive_attributes": [
            [
              {
                "type": "get_attr",
                "value": "initialization"
              },
              {
                "type": "index",
                "value": {
                  "value": 0,
                  "type": "number"
                }
              },
              {
                "type": "get_attr",
                "value": "user_account"
              },
              {
                "type": "index",
                "value": {
                  "value": 0,
                  "type": "number"
                }
              },
              {
                "type": "get_attr",
                "value": "password"
              }
            ]
          ],
          "identity_schema_version": 0,
          "private": "bnVsbA==",
          "dependencies": [
            "module.k3s_cluster_pve_nas_01.data.proxmox_virtual_environment_vms.all_templates"
          ],
          "create_before_destroy": true
        }
      ]
    },
    {
      "module": "module.k3s_cluster_pve_nas_01",
      "mode": "managed",
      "type": "random_password",
      "name": "k3s_token",
      "provider": "provider[\"registry.terraform.io/hashicorp/random\"]",
      "instances": [
        {
          "schema_version": 3,
          "attributes": {
            "bcrypt_hash": "$2a$10$oFxec/X4T.1B4A5.mnQAy.gwlUTYjjtoXRZXxbDg.R59hwjK24VWW",
            "id": "none",
            "keepers": null,
            "length": 32,
            "lower": true,
            "min_lower": 0,
            "min_numeric": 0,
            "min_special": 0,
            "min_upper": 0,
            "number": true,
            "numeric": true,
            "override_special": null,
            "result": "7r6Cx55BVUd9bXxnbdjxQvXFl8wS03Bs",
            "special": false,
            "upper": true
          },
          "sensitive_attributes": [
            [
              {
                "type": "get_attr",
                "value": "bcrypt_hash"
              }
            ],
            [
              {
                "type": "get_attr",
                "value": "result"
              }
            ]
          ],
          "identity_schema_version": 0
        }
      ]
    }
  ],
  "check_results": [
    {
      "object_kind": "var",
      "config_addr": "module.k3s_cluster_pve4.var.vm_template_name",
      "status": "pass",
      "objects": [
        {
          "object_addr": "module.k3s_cluster_pve4.var.vm_template_name",
          "status": "pass"
        }
      ]
    },
    {
      "object_kind": "var",
      "config_addr": "module.k3s_cluster_pve_nas_01.var.vm_template_name",
      "status": "pass",
      "objects": [
        {
          "object_addr": "module.k3s_cluster_pve_nas_01.var.vm_template_name",
          "status": "pass"
        }
      ]
    },
    {
      "object_kind": "var",
      "config_addr": "var.worker_node_count",
      "status": "pass",
      "objects": [
        {
          "object_addr": "var.worker_node_count",
          "status": "pass"
        }
      ]
    },
    {
      "object_kind": "var",
      "config_addr": "var.master_node_count",
      "status": "pass",
      "objects": [
        {
          "object_addr": "var.master_node_count",
          "status": "pass"
        }
      ]
    },
    {
      "object_kind": "var",
      "config_addr": "module.k3s_cluster_pve2.var.vm_template_name",
      "status": "pass",
      "objects": [
        {
          "object_addr": "module.k3s_cluster_pve2.var.vm_template_name",
          "status": "pass"
        }
      ]
    }
  ]
}
